{"format_version":"1.2","terraform_version":"1.5.7","variables":{"dynamodb_table_name":{"value":"dynamo-db-tf-state-cloudcamp-final-project"},"instance_az":{"value":"us-east-1a"},"instance_name":{"value":"terraform-instance"},"instance_type":{"value":"t2.micro"},"pri_sub3_cidr":{"value":"10.0.3.0/24"},"pri_sub4_cidr":{"value":"10.0.4.0/24"},"project_name":{"value":"todo-app"},"pub_sub1_cidr":{"value":"10.0.1.0/24"},"pub_sub2_cidr":{"value":"10.0.2.0/24"},"region":{"value":"us-east-1"},"tfstate_bucket_key":{"value":"backend/backend.tfstate"},"tfstate_bucket_name":{"value":"cloudcamp-remote-tf-state-final-project"},"vpc_cidr":{"value":"10.0.0.0/16"}},"planned_values":{"outputs":{"hello":{"sensitive":false,"type":"string","value":"Hello, World!"}},"root_module":{"child_modules":[{"resources":[{"address":"module.EC2_INSTANCES_APP_SERVER.aws_instance.aws_app_server_1","mode":"managed","type":"aws_instance","name":"aws_app_server_1","provider_name":"registry.terraform.io/hashicorp/aws","schema_version":1,"values":{"ami":"ami-0bb84b8ffd87024d8","availability_zone":"us-east-1","credit_specification":[],"get_password_data":false,"hibernation":null,"instance_type":"t2.micro","launch_template":[],"source_dest_check":true,"tags":{"Name":"cloudcamp-final-project-ec2-instance-1"},"tags_all":{"Name":"cloudcamp-final-project-ec2-instance-1"},"timeouts":null,"user_data_replace_on_change":false,"volume_tags":null},"sensitive_values":{"capacity_reservation_specification":[],"cpu_options":[],"credit_specification":[],"ebs_block_device":[],"enclave_options":[],"ephemeral_block_device":[],"instance_market_options":[],"ipv6_addresses":[],"launch_template":[],"maintenance_options":[],"metadata_options":[],"network_interface":[],"private_dns_name_options":[],"root_block_device":[],"secondary_private_ips":[],"security_groups":[],"tags":{},"tags_all":{},"vpc_security_group_ids":[]}},{"address":"module.EC2_INSTANCES_APP_SERVER.aws_instance.aws_app_server_2","mode":"managed","type":"aws_instance","name":"aws_app_server_2","provider_name":"registry.terraform.io/hashicorp/aws","schema_version":1,"values":{"ami":"ami-0bb84b8ffd87024d8","availability_zone":"us-east-1","credit_specification":[],"get_password_data":false,"hibernation":null,"instance_type":"t2.micro","launch_template":[],"source_dest_check":true,"tags":{"Name":"cloudcamp-final-project-ec2-instance-2"},"tags_all":{"Name":"cloudcamp-final-project-ec2-instance-2"},"timeouts":null,"user_data_replace_on_change":false,"volume_tags":null},"sensitive_values":{"capacity_reservation_specification":[],"cpu_options":[],"credit_specification":[],"ebs_block_device":[],"enclave_options":[],"ephemeral_block_device":[],"instance_market_options":[],"ipv6_addresses":[],"launch_template":[],"maintenance_options":[],"metadata_options":[],"network_interface":[],"private_dns_name_options":[],"root_block_device":[],"secondary_private_ips":[],"security_groups":[],"tags":{},"tags_all":{},"vpc_security_group_ids":[]}},{"address":"module.EC2_INSTANCES_APP_SERVER.aws_instance.bastion","mode":"managed","type":"aws_instance","name":"bastion","provider_name":"registry.terraform.io/hashicorp/aws","schema_version":1,"values":{"ami":"ami-0bb84b8ffd87024d8","credit_specification":[],"get_password_data":false,"hibernation":null,"instance_type":"t2.micro","key_name":"bastion-key","launch_template":[],"source_dest_check":true,"tags":{"Name":"BastionHost"},"tags_all":{"Name":"BastionHost"},"timeouts":null,"user_data_replace_on_change":false,"volume_tags":null},"sensitive_values":{"capacity_reservation_specification":[],"cpu_options":[],"credit_specification":[],"ebs_block_device":[],"enclave_options":[],"ephemeral_block_device":[],"instance_market_options":[],"ipv6_addresses":[],"launch_template":[],"maintenance_options":[],"metadata_options":[],"network_interface":[],"private_dns_name_options":[],"root_block_device":[],"secondary_private_ips":[],"security_groups":[],"tags":{},"tags_all":{},"vpc_security_group_ids":[]}}],"address":"module.EC2_INSTANCES_APP_SERVER"},{"resources":[{"address":"module.EFS.aws_efs_file_system.efs","mode":"managed","type":"aws_efs_file_system","name":"efs","provider_name":"registry.terraform.io/hashicorp/aws","schema_version":0,"values":{"creation_token":"my-efs-cloudcamp-final-project","lifecycle_policy":[],"provisioned_throughput_in_mibps":null,"tags":{"Name":"my-efs-cloudcamp-final-project"},"tags_all":{"Name":"my-efs-cloudcamp-final-project"},"throughput_mode":"bursting"},"sensitive_values":{"lifecycle_policy":[],"protection":[],"size_in_bytes":[],"tags":{},"tags_all":{}}},{"address":"module.EFS.aws_efs_mount_target.efs_mount_target[\"0\"]","mode":"managed","type":"aws_efs_mount_target","name":"efs_mount_target","index":"0","provider_name":"registry.terraform.io/hashicorp/aws","schema_version":0,"values":{"timeouts":null},"sensitive_values":{"security_groups":[]}},{"address":"module.EFS.aws_efs_mount_target.efs_mount_target[\"1\"]","mode":"managed","type":"aws_efs_mount_target","name":"efs_mount_target","index":"1","provider_name":"registry.terraform.io/hashicorp/aws","schema_version":0,"values":{"timeouts":null},"sensitive_values":{"security_groups":[]}}],"address":"module.EFS"},{"resources":[{"address":"module.IAM_SG.aws_security_group.bastion_sg","mode":"managed","type":"aws_security_group","name":"bastion_sg","provider_name":"registry.terraform.io/hashicorp/aws","schema_version":1,"values":{"description":"Managed by Terraform","egress":[{"cidr_blocks":["0.0.0.0/0"],"description":"","from_port":0,"ipv6_cidr_blocks":[],"prefix_list_ids":[],"protocol":"-1","security_groups":[],"self":false,"to_port":0}],"ingress":[{"cidr_blocks":["0.0.0.0/0"],"description":"","from_port":22,"ipv6_cidr_blocks":[],"prefix_list_ids":[],"protocol":"tcp","security_groups":[],"self":false,"to_port":22}],"revoke_rules_on_delete":false,"tags":{"Name":"bastion_sg"},"tags_all":{"Name":"bastion_sg"},"timeouts":null},"sensitive_values":{"egress":[{"cidr_blocks":[false],"ipv6_cidr_blocks":[],"prefix_list_ids":[],"security_groups":[]}],"ingress":[{"cidr_blocks":[false],"ipv6_cidr_blocks":[],"prefix_list_ids":[],"security_groups":[]}],"tags":{},"tags_all":{}}},{"address":"module.IAM_SG.aws_security_group.ec2_sg","mode":"managed","type":"aws_security_group","name":"ec2_sg","provider_name":"registry.terraform.io/hashicorp/aws","schema_version":1,"values":{"description":"Managed by Terraform","egress":[{"cidr_blocks":["0.0.0.0/0"],"description":"","from_port":0,"ipv6_cidr_blocks":[],"prefix_list_ids":[],"protocol":"-1","security_groups":[],"self":false,"to_port":0}],"ingress":[{"cidr_blocks":[],"description":"","from_port":5000,"ipv6_cidr_blocks":[],"prefix_list_ids":[],"protocol":"tcp","self":false,"to_port":5000}],"revoke_rules_on_delete":false,"tags":{"Name":"cloudcamp-final-project-ec2_instance_sg"},"tags_all":{"Name":"cloudcamp-final-project-ec2_instance_sg"},"timeouts":null},"sensitive_values":{"egress":[{"cidr_blocks":[false],"ipv6_cidr_blocks":[],"prefix_list_ids":[],"security_groups":[]}],"ingress":[{"cidr_blocks":[],"ipv6_cidr_blocks":[],"prefix_list_ids":[],"security_groups":[]}],"tags":{},"tags_all":{}}},{"address":"module.IAM_SG.aws_security_group.efs_sg","mode":"managed","type":"aws_security_group","name":"efs_sg","provider_name":"registry.terraform.io/hashicorp/aws","schema_version":1,"values":{"description":"Managed by Terraform","egress":[{"cidr_blocks":["0.0.0.0/0"],"description":"","from_port":0,"ipv6_cidr_blocks":[],"prefix_list_ids":[],"protocol":"-1","security_groups":[],"self":false,"to_port":0}],"ingress":[{"cidr_blocks":["0.0.0.0/0"],"description":"","from_port":2049,"ipv6_cidr_blocks":[],"prefix_list_ids":[],"protocol":"tcp","security_groups":[],"self":false,"to_port":2049}],"revoke_rules_on_delete":false,"tags":{"Name":"efs_sg"},"tags_all":{"Name":"efs_sg"},"timeouts":null},"sensitive_values":{"egress":[{"cidr_blocks":[false],"ipv6_cidr_blocks":[],"prefix_list_ids":[],"security_groups":[]}],"ingress":[{"cidr_blocks":[false],"ipv6_cidr_blocks":[],"prefix_list_ids":[],"security_groups":[]}],"tags":{},"tags_all":{}}},{"address":"module.IAM_SG.aws_security_group.lb_sg","mode":"managed","type":"aws_security_group","name":"lb_sg","provider_name":"registry.terraform.io/hashicorp/aws","schema_version":1,"values":{"description":"Managed by Terraform","egress":[{"cidr_blocks":["0.0.0.0/0"],"description":"","from_port":0,"ipv6_cidr_blocks":[],"prefix_list_ids":[],"protocol":"-1","security_groups":[],"self":false,"to_port":0}],"ingress":[{"cidr_blocks":["0.0.0.0/0"],"description":"","from_port":80,"ipv6_cidr_blocks":[],"prefix_list_ids":[],"protocol":"tcp","security_groups":[],"self":false,"to_port":80}],"revoke_rules_on_delete":false,"tags":{"Name":"cloudcamp-final-project-alb-sg"},"tags_all":{"Name":"cloudcamp-final-project-alb-sg"},"timeouts":null},"sensitive_values":{"egress":[{"cidr_blocks":[false],"ipv6_cidr_blocks":[],"prefix_list_ids":[],"security_groups":[]}],"ingress":[{"cidr_blocks":[false],"ipv6_cidr_blocks":[],"prefix_list_ids":[],"security_groups":[]}],"tags":{},"tags_all":{}}},{"address":"module.IAM_SG.aws_security_group.rds_sg","mode":"managed","type":"aws_security_group","name":"rds_sg","provider_name":"registry.terraform.io/hashicorp/aws","schema_version":1,"values":{"description":"Managed by Terraform","egress":[{"cidr_blocks":["0.0.0.0/0"],"description":"","from_port":0,"ipv6_cidr_blocks":[],"prefix_list_ids":[],"protocol":"-1","security_groups":[],"self":false,"to_port":0}],"ingress":[{"cidr_blocks":[],"description":"","from_port":3306,"ipv6_cidr_blocks":[],"prefix_list_ids":[],"protocol":"tcp","self":false,"to_port":3306}],"revoke_rules_on_delete":false,"tags":{"Name":"rds_sg"},"tags_all":{"Name":"rds_sg"},"timeouts":null},"sensitive_values":{"egress":[{"cidr_blocks":[false],"ipv6_cidr_blocks":[],"prefix_list_ids":[],"security_groups":[]}],"ingress":[{"cidr_blocks":[],"ipv6_cidr_blocks":[],"prefix_list_ids":[],"security_groups":[]}],"tags":{},"tags_all":{}}},{"address":"module.IAM_SG.aws_security_group_rule.allow_bastion_ssh","mode":"managed","type":"aws_security_group_rule","name":"allow_bastion_ssh","provider_name":"registry.terraform.io/hashicorp/aws","schema_version":2,"values":{"cidr_blocks":null,"description":null,"from_port":22,"ipv6_cidr_blocks":null,"prefix_list_ids":null,"protocol":"tcp","self":false,"timeouts":null,"to_port":22,"type":"ingress"},"sensitive_values":{}}],"address":"module.IAM_SG"},{"resources":[{"address":"module.LOAD_BALANCER_AND_TARGETS_AND_LISTENER.aws_alb.alb","mode":"managed","type":"aws_alb","name":"alb","provider_name":"registry.terraform.io/hashicorp/aws","schema_version":0,"values":{"access_logs":[],"connection_logs":[],"customer_owned_ipv4_pool":null,"desync_mitigation_mode":"defensive","dns_record_client_routing_policy":null,"drop_invalid_header_fields":false,"enable_cross_zone_load_balancing":null,"enable_deletion_protection":false,"enable_http2":true,"enable_tls_version_and_cipher_suite_headers":false,"enable_waf_fail_open":false,"enable_xff_client_port":false,"idle_timeout":60,"internal":false,"load_balancer_type":"application","name":"cloudcamp-final-project-alb","preserve_host_header":false,"tags":{"Name":"cloudcamp-final-project-alb"},"tags_all":{"Name":"cloudcamp-final-project-alb"},"timeouts":null,"xff_header_processing_mode":"append"},"sensitive_values":{"access_logs":[],"connection_logs":[],"security_groups":[],"subnet_mapping":[],"subnets":[],"tags":{},"tags_all":{}}},{"address":"module.LOAD_BALANCER_AND_TARGETS_AND_LISTENER.aws_lb_listener.listener","mode":"managed","type":"aws_lb_listener","name":"listener","provider_name":"registry.terraform.io/hashicorp/aws","schema_version":0,"values":{"alpn_policy":null,"certificate_arn":null,"default_action":[{"authenticate_cognito":[],"authenticate_oidc":[],"fixed_response":[],"forward":[],"redirect":[],"type":"forward"}],"port":80,"protocol":"HTTP","tags":null,"timeouts":null},"sensitive_values":{"default_action":[{"authenticate_cognito":[],"authenticate_oidc":[],"fixed_response":[],"forward":[],"redirect":[]}],"mutual_authentication":[],"tags_all":{}}},{"address":"module.LOAD_BALANCER_AND_TARGETS_AND_LISTENER.aws_lb_target_group.tg","mode":"managed","type":"aws_lb_target_group","name":"tg","provider_name":"registry.terraform.io/hashicorp/aws","schema_version":0,"values":{"deregistration_delay":"300","health_check":[{"enabled":true,"healthy_threshold":2,"interval":30,"matcher":"200","path":"/","port":"traffic-port","protocol":"HTTP","timeout":5,"unhealthy_threshold":2}],"lambda_multi_value_headers_enabled":false,"name":"ec2-targets","port":5000,"protocol":"HTTP","proxy_protocol_v2":false,"slow_start":0,"tags":{"Name":"cloducamp-final-project-ec2-target-group"},"tags_all":{"Name":"cloducamp-final-project-ec2-target-group"},"target_type":"instance"},"sensitive_values":{"health_check":[{}],"stickiness":[],"tags":{},"tags_all":{},"target_failover":[],"target_health_state":[]}},{"address":"module.LOAD_BALANCER_AND_TARGETS_AND_LISTENER.aws_lb_target_group_attachment.tg_attachment_1","mode":"managed","type":"aws_lb_target_group_attachment","name":"tg_attachment_1","provider_name":"registry.terraform.io/hashicorp/aws","schema_version":0,"values":{"availability_zone":null,"port":5000},"sensitive_values":{}},{"address":"module.LOAD_BALANCER_AND_TARGETS_AND_LISTENER.aws_lb_target_group_attachment.tg_attachment_2","mode":"managed","type":"aws_lb_target_group_attachment","name":"tg_attachment_2","provider_name":"registry.terraform.io/hashicorp/aws","schema_version":0,"values":{"availability_zone":null,"port":5000},"sensitive_values":{}}],"address":"module.LOAD_BALANCER_AND_TARGETS_AND_LISTENER"},{"resources":[{"address":"module.NAT_GTW.aws_eip.EI-NAT-GW2","mode":"managed","type":"aws_eip","name":"EI-NAT-GW2","provider_name":"registry.terraform.io/hashicorp/aws","schema_version":0,"values":{"address":null,"associate_with_private_ip":null,"customer_owned_ipv4_pool":null,"domain":"vpc","tags":{"Name":"NAT-GW-EIP2"},"tags_all":{"Name":"NAT-GW-EIP2"},"timeouts":null},"sensitive_values":{"tags":{},"tags_all":{}}},{"address":"module.NAT_GTW.aws_eip.EIP-NAT-GW1","mode":"managed","type":"aws_eip","name":"EIP-NAT-GW1","provider_name":"registry.terraform.io/hashicorp/aws","schema_version":0,"values":{"address":null,"associate_with_private_ip":null,"customer_owned_ipv4_pool":null,"domain":"vpc","tags":{"Name":"NAT-GW-EIP1"},"tags_all":{"Name":"NAT-GW-EIP1"},"timeouts":null},"sensitive_values":{"tags":{},"tags_all":{}}},{"address":"module.NAT_GTW.aws_nat_gateway.nat_gtw1","mode":"managed","type":"aws_nat_gateway","name":"nat_gtw1","provider_name":"registry.terraform.io/hashicorp/aws","schema_version":0,"values":{"connectivity_type":"public","secondary_allocation_ids":null,"tags":{"Name":"nat_gtw1"},"tags_all":{"Name":"nat_gtw1"},"timeouts":null},"sensitive_values":{"secondary_private_ip_addresses":[],"tags":{},"tags_all":{}}},{"address":"module.NAT_GTW.aws_nat_gateway.nat_gtw2","mode":"managed","type":"aws_nat_gateway","name":"nat_gtw2","provider_name":"registry.terraform.io/hashicorp/aws","schema_version":0,"values":{"connectivity_type":"public","secondary_allocation_ids":null,"tags":{"Name":"nat_gtw2"},"tags_all":{"Name":"nat_gtw2"},"timeouts":null},"sensitive_values":{"secondary_private_ip_addresses":[],"tags":{},"tags_all":{}}},{"address":"module.NAT_GTW.aws_route_table.pri-rt-a","mode":"managed","type":"aws_route_table","name":"pri-rt-a","provider_name":"registry.terraform.io/hashicorp/aws","schema_version":0,"values":{"route":[{"carrier_gateway_id":"","cidr_block":"0.0.0.0/0","core_network_arn":"","destination_prefix_list_id":"","egress_only_gateway_id":"","gateway_id":"","ipv6_cidr_block":"","local_gateway_id":"","network_interface_id":"","transit_gateway_id":"","vpc_endpoint_id":"","vpc_peering_connection_id":""}],"tags":{"Name":"pri-rt-a"},"tags_all":{"Name":"pri-rt-a"},"timeouts":null},"sensitive_values":{"propagating_vgws":[],"route":[{}],"tags":{},"tags_all":{}}},{"address":"module.NAT_GTW.aws_route_table.pri-rt-b","mode":"managed","type":"aws_route_table","name":"pri-rt-b","provider_name":"registry.terraform.io/hashicorp/aws","schema_version":0,"values":{"route":[{"carrier_gateway_id":"","cidr_block":"0.0.0.0/0","core_network_arn":"","destination_prefix_list_id":"","egress_only_gateway_id":"","gateway_id":"","ipv6_cidr_block":"","local_gateway_id":"","network_interface_id":"","transit_gateway_id":"","vpc_endpoint_id":"","vpc_peering_connection_id":""}],"tags":{"Name":"pri-rt-b"},"tags_all":{"Name":"pri-rt-b"},"timeouts":null},"sensitive_values":{"propagating_vgws":[],"route":[{}],"tags":{},"tags_all":{}}},{"address":"module.NAT_GTW.aws_route_table_association.pri-sub3-with-rt-a","mode":"managed","type":"aws_route_table_association","name":"pri-sub3-with-rt-a","provider_name":"registry.terraform.io/hashicorp/aws","schema_version":0,"values":{"gateway_id":null,"timeouts":null},"sensitive_values":{}},{"address":"module.NAT_GTW.aws_route_table_association.pri-sub4-with-rt-a","mode":"managed","type":"aws_route_table_association","name":"pri-sub4-with-rt-a","provider_name":"registry.terraform.io/hashicorp/aws","schema_version":0,"values":{"gateway_id":null,"timeouts":null},"sensitive_values":{}}],"address":"module.NAT_GTW"},{"resources":[{"address":"module.RDS_MYSQL_DB.aws_db_instance.default","mode":"managed","type":"aws_db_instance","name":"default","provider_name":"registry.terraform.io/hashicorp/aws","schema_version":2,"values":{"allocated_storage":20,"allow_major_version_upgrade":null,"apply_immediately":false,"auto_minor_version_upgrade":true,"blue_green_update":[],"copy_tags_to_snapshot":false,"custom_iam_instance_profile":null,"customer_owned_ip_enabled":null,"db_name":"db-database","db_subnet_group_name":"my-db-subnet-group","delete_automated_backups":true,"deletion_protection":null,"domain":null,"domain_iam_role_name":null,"enabled_cloudwatch_logs_exports":null,"engine":"mysql","engine_version":"8.0","final_snapshot_identifier":null,"iam_database_authentication_enabled":null,"identifier":"mydbinstance","instance_class":"db.t3.micro","manage_master_user_password":null,"max_allocated_storage":null,"monitoring_interval":0,"parameter_group_name":"default.mysql8.0","password":"db-password","performance_insights_enabled":false,"publicly_accessible":false,"replicate_source_db":null,"restore_to_point_in_time":[],"s3_import":[],"skip_final_snapshot":false,"storage_encrypted":null,"tags":{"Name":"mydbinstance"},"tags_all":{"Name":"mydbinstance"},"timeouts":null,"username":"db-user"},"sensitive_values":{"blue_green_update":[],"listener_endpoint":[],"master_user_secret":[],"replicas":[],"restore_to_point_in_time":[],"s3_import":[],"tags":{},"tags_all":{},"vpc_security_group_ids":[]}},{"address":"module.RDS_MYSQL_DB.aws_db_subnet_group.default","mode":"managed","type":"aws_db_subnet_group","name":"default","provider_name":"registry.terraform.io/hashicorp/aws","schema_version":0,"values":{"description":"Managed by Terraform","name":"my-db-subnet-group","tags":{"Name":"my-db-subnet-group"},"tags_all":{"Name":"my-db-subnet-group"}},"sensitive_values":{"subnet_ids":[],"supported_network_types":[],"tags":{},"tags_all":{}}}],"address":"module.RDS_MYSQL_DB"},{"resources":[{"address":"module.VPC.aws_internet_gateway.igw-cloudcamp-final-project","mode":"managed","type":"aws_internet_gateway","name":"igw-cloudcamp-final-project","provider_name":"registry.terraform.io/hashicorp/aws","schema_version":0,"values":{"tags":{"Name":"todo-app-igw-cloudcamp-final-project"},"tags_all":{"Name":"todo-app-igw-cloudcamp-final-project"},"timeouts":null},"sensitive_values":{"tags":{},"tags_all":{}}},{"address":"module.VPC.aws_route_table.public_route_table","mode":"managed","type":"aws_route_table","name":"public_route_table","provider_name":"registry.terraform.io/hashicorp/aws","schema_version":0,"values":{"route":[{"carrier_gateway_id":"","cidr_block":"0.0.0.0/0","core_network_arn":"","destination_prefix_list_id":"","egress_only_gateway_id":"","ipv6_cidr_block":"","local_gateway_id":"","nat_gateway_id":"","network_interface_id":"","transit_gateway_id":"","vpc_endpoint_id":"","vpc_peering_connection_id":""}],"tags":{"Name":"todo-app-public-route-table-cloudcamp-final-project"},"tags_all":{"Name":"todo-app-public-route-table-cloudcamp-final-project"},"timeouts":null},"sensitive_values":{"propagating_vgws":[],"route":[{}],"tags":{},"tags_all":{}}},{"address":"module.VPC.aws_route_table_association.pub_rt_a","mode":"managed","type":"aws_route_table_association","name":"pub_rt_a","provider_name":"registry.terraform.io/hashicorp/aws","schema_version":0,"values":{"gateway_id":null,"timeouts":null},"sensitive_values":{}},{"address":"module.VPC.aws_route_table_association.pub_rt_b","mode":"managed","type":"aws_route_table_association","name":"pub_rt_b","provider_name":"registry.terraform.io/hashicorp/aws","schema_version":0,"values":{"gateway_id":null,"timeouts":null},"sensitive_values":{}},{"address":"module.VPC.aws_subnet.private_sub3","mode":"managed","type":"aws_subnet","name":"private_sub3","provider_name":"registry.terraform.io/hashicorp/aws","schema_version":1,"values":{"assign_ipv6_address_on_creation":false,"availability_zone":"us-east-1a","cidr_block":"10.0.3.0/24","customer_owned_ipv4_pool":null,"enable_dns64":false,"enable_lni_at_device_index":null,"enable_resource_name_dns_a_record_on_launch":false,"enable_resource_name_dns_aaaa_record_on_launch":false,"ipv6_cidr_block":null,"ipv6_native":false,"map_customer_owned_ip_on_launch":null,"map_public_ip_on_launch":false,"outpost_arn":null,"tags":{"Name":"todo-app-private-sub3-cloudcamp-final-project"},"tags_all":{"Name":"todo-app-private-sub3-cloudcamp-final-project"},"timeouts":null},"sensitive_values":{"tags":{},"tags_all":{}}},{"address":"module.VPC.aws_subnet.private_sub4","mode":"managed","type":"aws_subnet","name":"private_sub4","provider_name":"registry.terraform.io/hashicorp/aws","schema_version":1,"values":{"assign_ipv6_address_on_creation":false,"availability_zone":"us-east-1b","cidr_block":"10.0.4.0/24","customer_owned_ipv4_pool":null,"enable_dns64":false,"enable_lni_at_device_index":null,"enable_resource_name_dns_a_record_on_launch":false,"enable_resource_name_dns_aaaa_record_on_launch":false,"ipv6_cidr_block":null,"ipv6_native":false,"map_customer_owned_ip_on_launch":null,"map_public_ip_on_launch":false,"outpost_arn":null,"tags":{"Name":"todo-app-private-sub4-cloudcamp-final-project"},"tags_all":{"Name":"todo-app-private-sub4-cloudcamp-final-project"},"timeouts":null},"sensitive_values":{"tags":{},"tags_all":{}}},{"address":"module.VPC.aws_subnet.pub_sub1","mode":"managed","type":"aws_subnet","name":"pub_sub1","provider_name":"registry.terraform.io/hashicorp/aws","schema_version":1,"values":{"assign_ipv6_address_on_creation":false,"availability_zone":"us-east-1a","cidr_block":"10.0.1.0/24","customer_owned_ipv4_pool":null,"enable_dns64":false,"enable_lni_at_device_index":null,"enable_resource_name_dns_a_record_on_launch":false,"enable_resource_name_dns_aaaa_record_on_launch":false,"ipv6_cidr_block":null,"ipv6_native":false,"map_customer_owned_ip_on_launch":null,"map_public_ip_on_launch":true,"outpost_arn":null,"tags":{"Name":"todo-app-pub-sub1-cloudcamp-final-project"},"tags_all":{"Name":"todo-app-pub-sub1-cloudcamp-final-project"},"timeouts":null},"sensitive_values":{"tags":{},"tags_all":{}}},{"address":"module.VPC.aws_subnet.pub_sub2","mode":"managed","type":"aws_subnet","name":"pub_sub2","provider_name":"registry.terraform.io/hashicorp/aws","schema_version":1,"values":{"assign_ipv6_address_on_creation":false,"availability_zone":"us-east-1b","cidr_block":"10.0.2.0/24","customer_owned_ipv4_pool":null,"enable_dns64":false,"enable_lni_at_device_index":null,"enable_resource_name_dns_a_record_on_launch":false,"enable_resource_name_dns_aaaa_record_on_launch":false,"ipv6_cidr_block":null,"ipv6_native":false,"map_customer_owned_ip_on_launch":null,"map_public_ip_on_launch":true,"outpost_arn":null,"tags":{"Name":"todo-app-pub-sub2-cloudcamp-final-project"},"tags_all":{"Name":"todo-app-pub-sub2-cloudcamp-final-project"},"timeouts":null},"sensitive_values":{"tags":{},"tags_all":{}}},{"address":"module.VPC.aws_vpc.cloudcamp_final_project_vpc","mode":"managed","type":"aws_vpc","name":"cloudcamp_final_project_vpc","provider_name":"registry.terraform.io/hashicorp/aws","schema_version":1,"values":{"assign_generated_ipv6_cidr_block":true,"cidr_block":"10.0.0.0/16","enable_dns_hostnames":true,"enable_dns_support":true,"instance_tenancy":"default","ipv4_ipam_pool_id":null,"ipv4_netmask_length":null,"ipv6_ipam_pool_id":null,"ipv6_netmask_length":null,"tags":{"Name":"todo-app-vpc-cloudcamp-final-project"},"tags_all":{"Name":"todo-app-vpc-cloudcamp-final-project"}},"sensitive_values":{"tags":{},"tags_all":{}}}],"address":"module.VPC"}]}},"resource_changes":[{"address":"module.EC2_INSTANCES_APP_SERVER.aws_instance.aws_app_server_1","module_address":"module.EC2_INSTANCES_APP_SERVER","mode":"managed","type":"aws_instance","name":"aws_app_server_1","provider_name":"registry.terraform.io/hashicorp/aws","change":{"actions":["create"],"before":null,"after":{"ami":"ami-0bb84b8ffd87024d8","availability_zone":"us-east-1","credit_specification":[],"get_password_data":false,"hibernation":null,"instance_type":"t2.micro","launch_template":[],"source_dest_check":true,"tags":{"Name":"cloudcamp-final-project-ec2-instance-1"},"tags_all":{"Name":"cloudcamp-final-project-ec2-instance-1"},"timeouts":null,"user_data_replace_on_change":false,"volume_tags":null},"after_unknown":{"arn":true,"associate_public_ip_address":true,"capacity_reservation_specification":true,"cpu_core_count":true,"cpu_options":true,"cpu_threads_per_core":true,"credit_specification":[],"disable_api_stop":true,"disable_api_termination":true,"ebs_block_device":true,"ebs_optimized":true,"enclave_options":true,"ephemeral_block_device":true,"host_id":true,"host_resource_group_arn":true,"iam_instance_profile":true,"id":true,"instance_initiated_shutdown_behavior":true,"instance_lifecycle":true,"instance_market_options":true,"instance_state":true,"ipv6_address_count":true,"ipv6_addresses":true,"key_name":true,"launch_template":[],"maintenance_options":true,"metadata_options":true,"monitoring":true,"network_interface":true,"outpost_arn":true,"password_data":true,"placement_group":true,"placement_partition_number":true,"primary_network_interface_id":true,"private_dns":true,"private_dns_name_options":true,"private_ip":true,"public_dns":true,"public_ip":true,"root_block_device":true,"secondary_private_ips":true,"security_groups":true,"spot_instance_request_id":true,"subnet_id":true,"tags":{},"tags_all":{},"tenancy":true,"user_data":true,"user_data_base64":true,"vpc_security_group_ids":true},"before_sensitive":false,"after_sensitive":{"capacity_reservation_specification":[],"cpu_options":[],"credit_specification":[],"ebs_block_device":[],"enclave_options":[],"ephemeral_block_device":[],"instance_market_options":[],"ipv6_addresses":[],"launch_template":[],"maintenance_options":[],"metadata_options":[],"network_interface":[],"private_dns_name_options":[],"root_block_device":[],"secondary_private_ips":[],"security_groups":[],"tags":{},"tags_all":{},"vpc_security_group_ids":[]}}},{"address":"module.EC2_INSTANCES_APP_SERVER.aws_instance.aws_app_server_2","module_address":"module.EC2_INSTANCES_APP_SERVER","mode":"managed","type":"aws_instance","name":"aws_app_server_2","provider_name":"registry.terraform.io/hashicorp/aws","change":{"actions":["create"],"before":null,"after":{"ami":"ami-0bb84b8ffd87024d8","availability_zone":"us-east-1","credit_specification":[],"get_password_data":false,"hibernation":null,"instance_type":"t2.micro","launch_template":[],"source_dest_check":true,"tags":{"Name":"cloudcamp-final-project-ec2-instance-2"},"tags_all":{"Name":"cloudcamp-final-project-ec2-instance-2"},"timeouts":null,"user_data_replace_on_change":false,"volume_tags":null},"after_unknown":{"arn":true,"associate_public_ip_address":true,"capacity_reservation_specification":true,"cpu_core_count":true,"cpu_options":true,"cpu_threads_per_core":true,"credit_specification":[],"disable_api_stop":true,"disable_api_termination":true,"ebs_block_device":true,"ebs_optimized":true,"enclave_options":true,"ephemeral_block_device":true,"host_id":true,"host_resource_group_arn":true,"iam_instance_profile":true,"id":true,"instance_initiated_shutdown_behavior":true,"instance_lifecycle":true,"instance_market_options":true,"instance_state":true,"ipv6_address_count":true,"ipv6_addresses":true,"key_name":true,"launch_template":[],"maintenance_options":true,"metadata_options":true,"monitoring":true,"network_interface":true,"outpost_arn":true,"password_data":true,"placement_group":true,"placement_partition_number":true,"primary_network_interface_id":true,"private_dns":true,"private_dns_name_options":true,"private_ip":true,"public_dns":true,"public_ip":true,"root_block_device":true,"secondary_private_ips":true,"security_groups":true,"spot_instance_request_id":true,"subnet_id":true,"tags":{},"tags_all":{},"tenancy":true,"user_data":true,"user_data_base64":true,"vpc_security_group_ids":true},"before_sensitive":false,"after_sensitive":{"capacity_reservation_specification":[],"cpu_options":[],"credit_specification":[],"ebs_block_device":[],"enclave_options":[],"ephemeral_block_device":[],"instance_market_options":[],"ipv6_addresses":[],"launch_template":[],"maintenance_options":[],"metadata_options":[],"network_interface":[],"private_dns_name_options":[],"root_block_device":[],"secondary_private_ips":[],"security_groups":[],"tags":{},"tags_all":{},"vpc_security_group_ids":[]}}},{"address":"module.EC2_INSTANCES_APP_SERVER.aws_instance.bastion","module_address":"module.EC2_INSTANCES_APP_SERVER","mode":"managed","type":"aws_instance","name":"bastion","provider_name":"registry.terraform.io/hashicorp/aws","change":{"actions":["create"],"before":null,"after":{"ami":"ami-0bb84b8ffd87024d8","credit_specification":[],"get_password_data":false,"hibernation":null,"instance_type":"t2.micro","key_name":"bastion-key","launch_template":[],"source_dest_check":true,"tags":{"Name":"BastionHost"},"tags_all":{"Name":"BastionHost"},"timeouts":null,"user_data_replace_on_change":false,"volume_tags":null},"after_unknown":{"arn":true,"associate_public_ip_address":true,"availability_zone":true,"capacity_reservation_specification":true,"cpu_core_count":true,"cpu_options":true,"cpu_threads_per_core":true,"credit_specification":[],"disable_api_stop":true,"disable_api_termination":true,"ebs_block_device":true,"ebs_optimized":true,"enclave_options":true,"ephemeral_block_device":true,"host_id":true,"host_resource_group_arn":true,"iam_instance_profile":true,"id":true,"instance_initiated_shutdown_behavior":true,"instance_lifecycle":true,"instance_market_options":true,"instance_state":true,"ipv6_address_count":true,"ipv6_addresses":true,"launch_template":[],"maintenance_options":true,"metadata_options":true,"monitoring":true,"network_interface":true,"outpost_arn":true,"password_data":true,"placement_group":true,"placement_partition_number":true,"primary_network_interface_id":true,"private_dns":true,"private_dns_name_options":true,"private_ip":true,"public_dns":true,"public_ip":true,"root_block_device":true,"secondary_private_ips":true,"security_groups":true,"spot_instance_request_id":true,"subnet_id":true,"tags":{},"tags_all":{},"tenancy":true,"user_data":true,"user_data_base64":true,"vpc_security_group_ids":true},"before_sensitive":false,"after_sensitive":{"capacity_reservation_specification":[],"cpu_options":[],"credit_specification":[],"ebs_block_device":[],"enclave_options":[],"ephemeral_block_device":[],"instance_market_options":[],"ipv6_addresses":[],"launch_template":[],"maintenance_options":[],"metadata_options":[],"network_interface":[],"private_dns_name_options":[],"root_block_device":[],"secondary_private_ips":[],"security_groups":[],"tags":{},"tags_all":{},"vpc_security_group_ids":[]}}},{"address":"module.EFS.aws_efs_file_system.efs","module_address":"module.EFS","mode":"managed","type":"aws_efs_file_system","name":"efs","provider_name":"registry.terraform.io/hashicorp/aws","change":{"actions":["create"],"before":null,"after":{"creation_token":"my-efs-cloudcamp-final-project","lifecycle_policy":[],"provisioned_throughput_in_mibps":null,"tags":{"Name":"my-efs-cloudcamp-final-project"},"tags_all":{"Name":"my-efs-cloudcamp-final-project"},"throughput_mode":"bursting"},"after_unknown":{"arn":true,"availability_zone_id":true,"availability_zone_name":true,"dns_name":true,"encrypted":true,"id":true,"kms_key_id":true,"lifecycle_policy":[],"name":true,"number_of_mount_targets":true,"owner_id":true,"performance_mode":true,"protection":true,"size_in_bytes":true,"tags":{},"tags_all":{}},"before_sensitive":false,"after_sensitive":{"lifecycle_policy":[],"protection":[],"size_in_bytes":[],"tags":{},"tags_all":{}}}},{"address":"module.EFS.aws_efs_mount_target.efs_mount_target[\"0\"]","module_address":"module.EFS","mode":"managed","type":"aws_efs_mount_target","name":"efs_mount_target","index":"0","provider_name":"registry.terraform.io/hashicorp/aws","change":{"actions":["create"],"before":null,"after":{"timeouts":null},"after_unknown":{"availability_zone_id":true,"availability_zone_name":true,"dns_name":true,"file_system_arn":true,"file_system_id":true,"id":true,"ip_address":true,"mount_target_dns_name":true,"network_interface_id":true,"owner_id":true,"security_groups":true,"subnet_id":true},"before_sensitive":false,"after_sensitive":{"security_groups":[]}}},{"address":"module.EFS.aws_efs_mount_target.efs_mount_target[\"1\"]","module_address":"module.EFS","mode":"managed","type":"aws_efs_mount_target","name":"efs_mount_target","index":"1","provider_name":"registry.terraform.io/hashicorp/aws","change":{"actions":["create"],"before":null,"after":{"timeouts":null},"after_unknown":{"availability_zone_id":true,"availability_zone_name":true,"dns_name":true,"file_system_arn":true,"file_system_id":true,"id":true,"ip_address":true,"mount_target_dns_name":true,"network_interface_id":true,"owner_id":true,"security_groups":true,"subnet_id":true},"before_sensitive":false,"after_sensitive":{"security_groups":[]}}},{"address":"module.IAM_SG.aws_security_group.bastion_sg","module_address":"module.IAM_SG","mode":"managed","type":"aws_security_group","name":"bastion_sg","provider_name":"registry.terraform.io/hashicorp/aws","change":{"actions":["create"],"before":null,"after":{"description":"Managed by Terraform","egress":[{"cidr_blocks":["0.0.0.0/0"],"description":"","from_port":0,"ipv6_cidr_blocks":[],"prefix_list_ids":[],"protocol":"-1","security_groups":[],"self":false,"to_port":0}],"ingress":[{"cidr_blocks":["0.0.0.0/0"],"description":"","from_port":22,"ipv6_cidr_blocks":[],"prefix_list_ids":[],"protocol":"tcp","security_groups":[],"self":false,"to_port":22}],"revoke_rules_on_delete":false,"tags":{"Name":"bastion_sg"},"tags_all":{"Name":"bastion_sg"},"timeouts":null},"after_unknown":{"arn":true,"egress":[{"cidr_blocks":[false],"ipv6_cidr_blocks":[],"prefix_list_ids":[],"security_groups":[]}],"id":true,"ingress":[{"cidr_blocks":[false],"ipv6_cidr_blocks":[],"prefix_list_ids":[],"security_groups":[]}],"name":true,"name_prefix":true,"owner_id":true,"tags":{},"tags_all":{},"vpc_id":true},"before_sensitive":false,"after_sensitive":{"egress":[{"cidr_blocks":[false],"ipv6_cidr_blocks":[],"prefix_list_ids":[],"security_groups":[]}],"ingress":[{"cidr_blocks":[false],"ipv6_cidr_blocks":[],"prefix_list_ids":[],"security_groups":[]}],"tags":{},"tags_all":{}}}},{"address":"module.IAM_SG.aws_security_group.ec2_sg","module_address":"module.IAM_SG","mode":"managed","type":"aws_security_group","name":"ec2_sg","provider_name":"registry.terraform.io/hashicorp/aws","change":{"actions":["create"],"before":null,"after":{"description":"Managed by Terraform","egress":[{"cidr_blocks":["0.0.0.0/0"],"description":"","from_port":0,"ipv6_cidr_blocks":[],"prefix_list_ids":[],"protocol":"-1","security_groups":[],"self":false,"to_port":0}],"ingress":[{"cidr_blocks":[],"description":"","from_port":5000,"ipv6_cidr_blocks":[],"prefix_list_ids":[],"protocol":"tcp","self":false,"to_port":5000}],"revoke_rules_on_delete":false,"tags":{"Name":"cloudcamp-final-project-ec2_instance_sg"},"tags_all":{"Name":"cloudcamp-final-project-ec2_instance_sg"},"timeouts":null},"after_unknown":{"arn":true,"egress":[{"cidr_blocks":[false],"ipv6_cidr_blocks":[],"prefix_list_ids":[],"security_groups":[]}],"id":true,"ingress":[{"cidr_blocks":[],"ipv6_cidr_blocks":[],"prefix_list_ids":[],"security_groups":true}],"name":true,"name_prefix":true,"owner_id":true,"tags":{},"tags_all":{},"vpc_id":true},"before_sensitive":false,"after_sensitive":{"egress":[{"cidr_blocks":[false],"ipv6_cidr_blocks":[],"prefix_list_ids":[],"security_groups":[]}],"ingress":[{"cidr_blocks":[],"ipv6_cidr_blocks":[],"prefix_list_ids":[],"security_groups":[]}],"tags":{},"tags_all":{}}}},{"address":"module.IAM_SG.aws_security_group.efs_sg","module_address":"module.IAM_SG","mode":"managed","type":"aws_security_group","name":"efs_sg","provider_name":"registry.terraform.io/hashicorp/aws","change":{"actions":["create"],"before":null,"after":{"description":"Managed by Terraform","egress":[{"cidr_blocks":["0.0.0.0/0"],"description":"","from_port":0,"ipv6_cidr_blocks":[],"prefix_list_ids":[],"protocol":"-1","security_groups":[],"self":false,"to_port":0}],"ingress":[{"cidr_blocks":["0.0.0.0/0"],"description":"","from_port":2049,"ipv6_cidr_blocks":[],"prefix_list_ids":[],"protocol":"tcp","security_groups":[],"self":false,"to_port":2049}],"revoke_rules_on_delete":false,"tags":{"Name":"efs_sg"},"tags_all":{"Name":"efs_sg"},"timeouts":null},"after_unknown":{"arn":true,"egress":[{"cidr_blocks":[false],"ipv6_cidr_blocks":[],"prefix_list_ids":[],"security_groups":[]}],"id":true,"ingress":[{"cidr_blocks":[false],"ipv6_cidr_blocks":[],"prefix_list_ids":[],"security_groups":[]}],"name":true,"name_prefix":true,"owner_id":true,"tags":{},"tags_all":{},"vpc_id":true},"before_sensitive":false,"after_sensitive":{"egress":[{"cidr_blocks":[false],"ipv6_cidr_blocks":[],"prefix_list_ids":[],"security_groups":[]}],"ingress":[{"cidr_blocks":[false],"ipv6_cidr_blocks":[],"prefix_list_ids":[],"security_groups":[]}],"tags":{},"tags_all":{}}}},{"address":"module.IAM_SG.aws_security_group.lb_sg","module_address":"module.IAM_SG","mode":"managed","type":"aws_security_group","name":"lb_sg","provider_name":"registry.terraform.io/hashicorp/aws","change":{"actions":["create"],"before":null,"after":{"description":"Managed by Terraform","egress":[{"cidr_blocks":["0.0.0.0/0"],"description":"","from_port":0,"ipv6_cidr_blocks":[],"prefix_list_ids":[],"protocol":"-1","security_groups":[],"self":false,"to_port":0}],"ingress":[{"cidr_blocks":["0.0.0.0/0"],"description":"","from_port":80,"ipv6_cidr_blocks":[],"prefix_list_ids":[],"protocol":"tcp","security_groups":[],"self":false,"to_port":80}],"revoke_rules_on_delete":false,"tags":{"Name":"cloudcamp-final-project-alb-sg"},"tags_all":{"Name":"cloudcamp-final-project-alb-sg"},"timeouts":null},"after_unknown":{"arn":true,"egress":[{"cidr_blocks":[false],"ipv6_cidr_blocks":[],"prefix_list_ids":[],"security_groups":[]}],"id":true,"ingress":[{"cidr_blocks":[false],"ipv6_cidr_blocks":[],"prefix_list_ids":[],"security_groups":[]}],"name":true,"name_prefix":true,"owner_id":true,"tags":{},"tags_all":{},"vpc_id":true},"before_sensitive":false,"after_sensitive":{"egress":[{"cidr_blocks":[false],"ipv6_cidr_blocks":[],"prefix_list_ids":[],"security_groups":[]}],"ingress":[{"cidr_blocks":[false],"ipv6_cidr_blocks":[],"prefix_list_ids":[],"security_groups":[]}],"tags":{},"tags_all":{}}}},{"address":"module.IAM_SG.aws_security_group.rds_sg","module_address":"module.IAM_SG","mode":"managed","type":"aws_security_group","name":"rds_sg","provider_name":"registry.terraform.io/hashicorp/aws","change":{"actions":["create"],"before":null,"after":{"description":"Managed by Terraform","egress":[{"cidr_blocks":["0.0.0.0/0"],"description":"","from_port":0,"ipv6_cidr_blocks":[],"prefix_list_ids":[],"protocol":"-1","security_groups":[],"self":false,"to_port":0}],"ingress":[{"cidr_blocks":[],"description":"","from_port":3306,"ipv6_cidr_blocks":[],"prefix_list_ids":[],"protocol":"tcp","self":false,"to_port":3306}],"revoke_rules_on_delete":false,"tags":{"Name":"rds_sg"},"tags_all":{"Name":"rds_sg"},"timeouts":null},"after_unknown":{"arn":true,"egress":[{"cidr_blocks":[false],"ipv6_cidr_blocks":[],"prefix_list_ids":[],"security_groups":[]}],"id":true,"ingress":[{"cidr_blocks":[],"ipv6_cidr_blocks":[],"prefix_list_ids":[],"security_groups":true}],"name":true,"name_prefix":true,"owner_id":true,"tags":{},"tags_all":{},"vpc_id":true},"before_sensitive":false,"after_sensitive":{"egress":[{"cidr_blocks":[false],"ipv6_cidr_blocks":[],"prefix_list_ids":[],"security_groups":[]}],"ingress":[{"cidr_blocks":[],"ipv6_cidr_blocks":[],"prefix_list_ids":[],"security_groups":[]}],"tags":{},"tags_all":{}}}},{"address":"module.IAM_SG.aws_security_group_rule.allow_bastion_ssh","module_address":"module.IAM_SG","mode":"managed","type":"aws_security_group_rule","name":"allow_bastion_ssh","provider_name":"registry.terraform.io/hashicorp/aws","change":{"actions":["create"],"before":null,"after":{"cidr_blocks":null,"description":null,"from_port":22,"ipv6_cidr_blocks":null,"prefix_list_ids":null,"protocol":"tcp","self":false,"timeouts":null,"to_port":22,"type":"ingress"},"after_unknown":{"id":true,"security_group_id":true,"security_group_rule_id":true,"source_security_group_id":true},"before_sensitive":false,"after_sensitive":{}}},{"address":"module.LOAD_BALANCER_AND_TARGETS_AND_LISTENER.aws_alb.alb","module_address":"module.LOAD_BALANCER_AND_TARGETS_AND_LISTENER","mode":"managed","type":"aws_alb","name":"alb","provider_name":"registry.terraform.io/hashicorp/aws","change":{"actions":["create"],"before":null,"after":{"access_logs":[],"connection_logs":[],"customer_owned_ipv4_pool":null,"desync_mitigation_mode":"defensive","dns_record_client_routing_policy":null,"drop_invalid_header_fields":false,"enable_cross_zone_load_balancing":null,"enable_deletion_protection":false,"enable_http2":true,"enable_tls_version_and_cipher_suite_headers":false,"enable_waf_fail_open":false,"enable_xff_client_port":false,"idle_timeout":60,"internal":false,"load_balancer_type":"application","name":"cloudcamp-final-project-alb","preserve_host_header":false,"tags":{"Name":"cloudcamp-final-project-alb"},"tags_all":{"Name":"cloudcamp-final-project-alb"},"timeouts":null,"xff_header_processing_mode":"append"},"after_unknown":{"access_logs":[],"arn":true,"arn_suffix":true,"connection_logs":[],"dns_name":true,"enforce_security_group_inbound_rules_on_private_link_traffic":true,"id":true,"ip_address_type":true,"name_prefix":true,"security_groups":true,"subnet_mapping":true,"subnets":true,"tags":{},"tags_all":{},"vpc_id":true,"zone_id":true},"before_sensitive":false,"after_sensitive":{"access_logs":[],"connection_logs":[],"security_groups":[],"subnet_mapping":[],"subnets":[],"tags":{},"tags_all":{}}}},{"address":"module.LOAD_BALANCER_AND_TARGETS_AND_LISTENER.aws_lb_listener.listener","module_address":"module.LOAD_BALANCER_AND_TARGETS_AND_LISTENER","mode":"managed","type":"aws_lb_listener","name":"listener","provider_name":"registry.terraform.io/hashicorp/aws","change":{"actions":["create"],"before":null,"after":{"alpn_policy":null,"certificate_arn":null,"default_action":[{"authenticate_cognito":[],"authenticate_oidc":[],"fixed_response":[],"forward":[],"redirect":[],"type":"forward"}],"port":80,"protocol":"HTTP","tags":null,"timeouts":null},"after_unknown":{"arn":true,"default_action":[{"authenticate_cognito":[],"authenticate_oidc":[],"fixed_response":[],"forward":[],"order":true,"redirect":[],"target_group_arn":true}],"id":true,"load_balancer_arn":true,"mutual_authentication":true,"ssl_policy":true,"tags_all":true},"before_sensitive":false,"after_sensitive":{"default_action":[{"authenticate_cognito":[],"authenticate_oidc":[],"fixed_response":[],"forward":[],"redirect":[]}],"mutual_authentication":[],"tags_all":{}}}},{"address":"module.LOAD_BALANCER_AND_TARGETS_AND_LISTENER.aws_lb_target_group.tg","module_address":"module.LOAD_BALANCER_AND_TARGETS_AND_LISTENER","mode":"managed","type":"aws_lb_target_group","name":"tg","provider_name":"registry.terraform.io/hashicorp/aws","change":{"actions":["create"],"before":null,"after":{"deregistration_delay":"300","health_check":[{"enabled":true,"healthy_threshold":2,"interval":30,"matcher":"200","path":"/","port":"traffic-port","protocol":"HTTP","timeout":5,"unhealthy_threshold":2}],"lambda_multi_value_headers_enabled":false,"name":"ec2-targets","port":5000,"protocol":"HTTP","proxy_protocol_v2":false,"slow_start":0,"tags":{"Name":"cloducamp-final-project-ec2-target-group"},"tags_all":{"Name":"cloducamp-final-project-ec2-target-group"},"target_type":"instance"},"after_unknown":{"arn":true,"arn_suffix":true,"connection_termination":true,"health_check":[{}],"id":true,"ip_address_type":true,"load_balancing_algorithm_type":true,"load_balancing_anomaly_mitigation":true,"load_balancing_cross_zone_enabled":true,"name_prefix":true,"preserve_client_ip":true,"protocol_version":true,"stickiness":true,"tags":{},"tags_all":{},"target_failover":true,"target_health_state":true,"vpc_id":true},"before_sensitive":false,"after_sensitive":{"health_check":[{}],"stickiness":[],"tags":{},"tags_all":{},"target_failover":[],"target_health_state":[]}}},{"address":"module.LOAD_BALANCER_AND_TARGETS_AND_LISTENER.aws_lb_target_group_attachment.tg_attachment_1","module_address":"module.LOAD_BALANCER_AND_TARGETS_AND_LISTENER","mode":"managed","type":"aws_lb_target_group_attachment","name":"tg_attachment_1","provider_name":"registry.terraform.io/hashicorp/aws","change":{"actions":["create"],"before":null,"after":{"availability_zone":null,"port":5000},"after_unknown":{"id":true,"target_group_arn":true,"target_id":true},"before_sensitive":false,"after_sensitive":{}}},{"address":"module.LOAD_BALANCER_AND_TARGETS_AND_LISTENER.aws_lb_target_group_attachment.tg_attachment_2","module_address":"module.LOAD_BALANCER_AND_TARGETS_AND_LISTENER","mode":"managed","type":"aws_lb_target_group_attachment","name":"tg_attachment_2","provider_name":"registry.terraform.io/hashicorp/aws","change":{"actions":["create"],"before":null,"after":{"availability_zone":null,"port":5000},"after_unknown":{"id":true,"target_group_arn":true,"target_id":true},"before_sensitive":false,"after_sensitive":{}}},{"address":"module.NAT_GTW.aws_eip.EI-NAT-GW2","module_address":"module.NAT_GTW","mode":"managed","type":"aws_eip","name":"EI-NAT-GW2","provider_name":"registry.terraform.io/hashicorp/aws","change":{"actions":["create"],"before":null,"after":{"address":null,"associate_with_private_ip":null,"customer_owned_ipv4_pool":null,"domain":"vpc","tags":{"Name":"NAT-GW-EIP2"},"tags_all":{"Name":"NAT-GW-EIP2"},"timeouts":null},"after_unknown":{"allocation_id":true,"association_id":true,"carrier_ip":true,"customer_owned_ip":true,"id":true,"instance":true,"network_border_group":true,"network_interface":true,"private_dns":true,"private_ip":true,"public_dns":true,"public_ip":true,"public_ipv4_pool":true,"tags":{},"tags_all":{},"vpc":true},"before_sensitive":false,"after_sensitive":{"tags":{},"tags_all":{}}}},{"address":"module.NAT_GTW.aws_eip.EIP-NAT-GW1","module_address":"module.NAT_GTW","mode":"managed","type":"aws_eip","name":"EIP-NAT-GW1","provider_name":"registry.terraform.io/hashicorp/aws","change":{"actions":["create"],"before":null,"after":{"address":null,"associate_with_private_ip":null,"customer_owned_ipv4_pool":null,"domain":"vpc","tags":{"Name":"NAT-GW-EIP1"},"tags_all":{"Name":"NAT-GW-EIP1"},"timeouts":null},"after_unknown":{"allocation_id":true,"association_id":true,"carrier_ip":true,"customer_owned_ip":true,"id":true,"instance":true,"network_border_group":true,"network_interface":true,"private_dns":true,"private_ip":true,"public_dns":true,"public_ip":true,"public_ipv4_pool":true,"tags":{},"tags_all":{},"vpc":true},"before_sensitive":false,"after_sensitive":{"tags":{},"tags_all":{}}}},{"address":"module.NAT_GTW.aws_nat_gateway.nat_gtw1","module_address":"module.NAT_GTW","mode":"managed","type":"aws_nat_gateway","name":"nat_gtw1","provider_name":"registry.terraform.io/hashicorp/aws","change":{"actions":["create"],"before":null,"after":{"connectivity_type":"public","secondary_allocation_ids":null,"tags":{"Name":"nat_gtw1"},"tags_all":{"Name":"nat_gtw1"},"timeouts":null},"after_unknown":{"allocation_id":true,"association_id":true,"id":true,"network_interface_id":true,"private_ip":true,"public_ip":true,"secondary_private_ip_address_count":true,"secondary_private_ip_addresses":true,"subnet_id":true,"tags":{},"tags_all":{}},"before_sensitive":false,"after_sensitive":{"secondary_private_ip_addresses":[],"tags":{},"tags_all":{}}}},{"address":"module.NAT_GTW.aws_nat_gateway.nat_gtw2","module_address":"module.NAT_GTW","mode":"managed","type":"aws_nat_gateway","name":"nat_gtw2","provider_name":"registry.terraform.io/hashicorp/aws","change":{"actions":["create"],"before":null,"after":{"connectivity_type":"public","secondary_allocation_ids":null,"tags":{"Name":"nat_gtw2"},"tags_all":{"Name":"nat_gtw2"},"timeouts":null},"after_unknown":{"allocation_id":true,"association_id":true,"id":true,"network_interface_id":true,"private_ip":true,"public_ip":true,"secondary_private_ip_address_count":true,"secondary_private_ip_addresses":true,"subnet_id":true,"tags":{},"tags_all":{}},"before_sensitive":false,"after_sensitive":{"secondary_private_ip_addresses":[],"tags":{},"tags_all":{}}}},{"address":"module.NAT_GTW.aws_route_table.pri-rt-a","module_address":"module.NAT_GTW","mode":"managed","type":"aws_route_table","name":"pri-rt-a","provider_name":"registry.terraform.io/hashicorp/aws","change":{"actions":["create"],"before":null,"after":{"route":[{"carrier_gateway_id":"","cidr_block":"0.0.0.0/0","core_network_arn":"","destination_prefix_list_id":"","egress_only_gateway_id":"","gateway_id":"","ipv6_cidr_block":"","local_gateway_id":"","network_interface_id":"","transit_gateway_id":"","vpc_endpoint_id":"","vpc_peering_connection_id":""}],"tags":{"Name":"pri-rt-a"},"tags_all":{"Name":"pri-rt-a"},"timeouts":null},"after_unknown":{"arn":true,"id":true,"owner_id":true,"propagating_vgws":true,"route":[{"nat_gateway_id":true}],"tags":{},"tags_all":{},"vpc_id":true},"before_sensitive":false,"after_sensitive":{"propagating_vgws":[],"route":[{}],"tags":{},"tags_all":{}}}},{"address":"module.NAT_GTW.aws_route_table.pri-rt-b","module_address":"module.NAT_GTW","mode":"managed","type":"aws_route_table","name":"pri-rt-b","provider_name":"registry.terraform.io/hashicorp/aws","change":{"actions":["create"],"before":null,"after":{"route":[{"carrier_gateway_id":"","cidr_block":"0.0.0.0/0","core_network_arn":"","destination_prefix_list_id":"","egress_only_gateway_id":"","gateway_id":"","ipv6_cidr_block":"","local_gateway_id":"","network_interface_id":"","transit_gateway_id":"","vpc_endpoint_id":"","vpc_peering_connection_id":""}],"tags":{"Name":"pri-rt-b"},"tags_all":{"Name":"pri-rt-b"},"timeouts":null},"after_unknown":{"arn":true,"id":true,"owner_id":true,"propagating_vgws":true,"route":[{"nat_gateway_id":true}],"tags":{},"tags_all":{},"vpc_id":true},"before_sensitive":false,"after_sensitive":{"propagating_vgws":[],"route":[{}],"tags":{},"tags_all":{}}}},{"address":"module.NAT_GTW.aws_route_table_association.pri-sub3-with-rt-a","module_address":"module.NAT_GTW","mode":"managed","type":"aws_route_table_association","name":"pri-sub3-with-rt-a","provider_name":"registry.terraform.io/hashicorp/aws","change":{"actions":["create"],"before":null,"after":{"gateway_id":null,"timeouts":null},"after_unknown":{"id":true,"route_table_id":true,"subnet_id":true},"before_sensitive":false,"after_sensitive":{}}},{"address":"module.NAT_GTW.aws_route_table_association.pri-sub4-with-rt-a","module_address":"module.NAT_GTW","mode":"managed","type":"aws_route_table_association","name":"pri-sub4-with-rt-a","provider_name":"registry.terraform.io/hashicorp/aws","change":{"actions":["create"],"before":null,"after":{"gateway_id":null,"timeouts":null},"after_unknown":{"id":true,"route_table_id":true,"subnet_id":true},"before_sensitive":false,"after_sensitive":{}}},{"address":"module.RDS_MYSQL_DB.aws_db_instance.default","module_address":"module.RDS_MYSQL_DB","mode":"managed","type":"aws_db_instance","name":"default","provider_name":"registry.terraform.io/hashicorp/aws","change":{"actions":["create"],"before":null,"after":{"allocated_storage":20,"allow_major_version_upgrade":null,"apply_immediately":false,"auto_minor_version_upgrade":true,"blue_green_update":[],"copy_tags_to_snapshot":false,"custom_iam_instance_profile":null,"customer_owned_ip_enabled":null,"db_name":"db-database","db_subnet_group_name":"my-db-subnet-group","delete_automated_backups":true,"deletion_protection":null,"domain":null,"domain_iam_role_name":null,"enabled_cloudwatch_logs_exports":null,"engine":"mysql","engine_version":"8.0","final_snapshot_identifier":null,"iam_database_authentication_enabled":null,"identifier":"mydbinstance","instance_class":"db.t3.micro","manage_master_user_password":null,"max_allocated_storage":null,"monitoring_interval":0,"parameter_group_name":"default.mysql8.0","password":"db-password","performance_insights_enabled":false,"publicly_accessible":false,"replicate_source_db":null,"restore_to_point_in_time":[],"s3_import":[],"skip_final_snapshot":false,"storage_encrypted":null,"tags":{"Name":"mydbinstance"},"tags_all":{"Name":"mydbinstance"},"timeouts":null,"username":"db-user"},"after_unknown":{"address":true,"arn":true,"availability_zone":true,"backup_retention_period":true,"backup_target":true,"backup_window":true,"blue_green_update":[],"ca_cert_identifier":true,"character_set_name":true,"endpoint":true,"engine_version_actual":true,"hosted_zone_id":true,"id":true,"identifier_prefix":true,"iops":true,"kms_key_id":true,"latest_restorable_time":true,"license_model":true,"listener_endpoint":true,"maintenance_window":true,"master_user_secret":true,"master_user_secret_kms_key_id":true,"monitoring_role_arn":true,"multi_az":true,"nchar_character_set_name":true,"network_type":true,"option_group_name":true,"performance_insights_kms_key_id":true,"performance_insights_retention_period":true,"port":true,"replica_mode":true,"replicas":true,"resource_id":true,"restore_to_point_in_time":[],"s3_import":[],"snapshot_identifier":true,"status":true,"storage_throughput":true,"storage_type":true,"tags":{},"tags_all":{},"timezone":true,"vpc_security_group_ids":true},"before_sensitive":false,"after_sensitive":{"blue_green_update":[],"listener_endpoint":[],"master_user_secret":[],"password":true,"replicas":[],"restore_to_point_in_time":[],"s3_import":[],"tags":{},"tags_all":{},"vpc_security_group_ids":[]}}},{"address":"module.RDS_MYSQL_DB.aws_db_subnet_group.default","module_address":"module.RDS_MYSQL_DB","mode":"managed","type":"aws_db_subnet_group","name":"default","provider_name":"registry.terraform.io/hashicorp/aws","change":{"actions":["create"],"before":null,"after":{"description":"Managed by Terraform","name":"my-db-subnet-group","tags":{"Name":"my-db-subnet-group"},"tags_all":{"Name":"my-db-subnet-group"}},"after_unknown":{"arn":true,"id":true,"name_prefix":true,"subnet_ids":true,"supported_network_types":true,"tags":{},"tags_all":{},"vpc_id":true},"before_sensitive":false,"after_sensitive":{"subnet_ids":[],"supported_network_types":[],"tags":{},"tags_all":{}}}},{"address":"module.VPC.aws_internet_gateway.igw-cloudcamp-final-project","module_address":"module.VPC","mode":"managed","type":"aws_internet_gateway","name":"igw-cloudcamp-final-project","provider_name":"registry.terraform.io/hashicorp/aws","change":{"actions":["create"],"before":null,"after":{"tags":{"Name":"todo-app-igw-cloudcamp-final-project"},"tags_all":{"Name":"todo-app-igw-cloudcamp-final-project"},"timeouts":null},"after_unknown":{"arn":true,"id":true,"owner_id":true,"tags":{},"tags_all":{},"vpc_id":true},"before_sensitive":false,"after_sensitive":{"tags":{},"tags_all":{}}}},{"address":"module.VPC.aws_route_table.public_route_table","module_address":"module.VPC","mode":"managed","type":"aws_route_table","name":"public_route_table","provider_name":"registry.terraform.io/hashicorp/aws","change":{"actions":["create"],"before":null,"after":{"route":[{"carrier_gateway_id":"","cidr_block":"0.0.0.0/0","core_network_arn":"","destination_prefix_list_id":"","egress_only_gateway_id":"","ipv6_cidr_block":"","local_gateway_id":"","nat_gateway_id":"","network_interface_id":"","transit_gateway_id":"","vpc_endpoint_id":"","vpc_peering_connection_id":""}],"tags":{"Name":"todo-app-public-route-table-cloudcamp-final-project"},"tags_all":{"Name":"todo-app-public-route-table-cloudcamp-final-project"},"timeouts":null},"after_unknown":{"arn":true,"id":true,"owner_id":true,"propagating_vgws":true,"route":[{"gateway_id":true}],"tags":{},"tags_all":{},"vpc_id":true},"before_sensitive":false,"after_sensitive":{"propagating_vgws":[],"route":[{}],"tags":{},"tags_all":{}}}},{"address":"module.VPC.aws_route_table_association.pub_rt_a","module_address":"module.VPC","mode":"managed","type":"aws_route_table_association","name":"pub_rt_a","provider_name":"registry.terraform.io/hashicorp/aws","change":{"actions":["create"],"before":null,"after":{"gateway_id":null,"timeouts":null},"after_unknown":{"id":true,"route_table_id":true,"subnet_id":true},"before_sensitive":false,"after_sensitive":{}}},{"address":"module.VPC.aws_route_table_association.pub_rt_b","module_address":"module.VPC","mode":"managed","type":"aws_route_table_association","name":"pub_rt_b","provider_name":"registry.terraform.io/hashicorp/aws","change":{"actions":["create"],"before":null,"after":{"gateway_id":null,"timeouts":null},"after_unknown":{"id":true,"route_table_id":true,"subnet_id":true},"before_sensitive":false,"after_sensitive":{}}},{"address":"module.VPC.aws_subnet.private_sub3","module_address":"module.VPC","mode":"managed","type":"aws_subnet","name":"private_sub3","provider_name":"registry.terraform.io/hashicorp/aws","change":{"actions":["create"],"before":null,"after":{"assign_ipv6_address_on_creation":false,"availability_zone":"us-east-1a","cidr_block":"10.0.3.0/24","customer_owned_ipv4_pool":null,"enable_dns64":false,"enable_lni_at_device_index":null,"enable_resource_name_dns_a_record_on_launch":false,"enable_resource_name_dns_aaaa_record_on_launch":false,"ipv6_cidr_block":null,"ipv6_native":false,"map_customer_owned_ip_on_launch":null,"map_public_ip_on_launch":false,"outpost_arn":null,"tags":{"Name":"todo-app-private-sub3-cloudcamp-final-project"},"tags_all":{"Name":"todo-app-private-sub3-cloudcamp-final-project"},"timeouts":null},"after_unknown":{"arn":true,"availability_zone_id":true,"id":true,"ipv6_cidr_block_association_id":true,"owner_id":true,"private_dns_hostname_type_on_launch":true,"tags":{},"tags_all":{},"vpc_id":true},"before_sensitive":false,"after_sensitive":{"tags":{},"tags_all":{}}}},{"address":"module.VPC.aws_subnet.private_sub4","module_address":"module.VPC","mode":"managed","type":"aws_subnet","name":"private_sub4","provider_name":"registry.terraform.io/hashicorp/aws","change":{"actions":["create"],"before":null,"after":{"assign_ipv6_address_on_creation":false,"availability_zone":"us-east-1b","cidr_block":"10.0.4.0/24","customer_owned_ipv4_pool":null,"enable_dns64":false,"enable_lni_at_device_index":null,"enable_resource_name_dns_a_record_on_launch":false,"enable_resource_name_dns_aaaa_record_on_launch":false,"ipv6_cidr_block":null,"ipv6_native":false,"map_customer_owned_ip_on_launch":null,"map_public_ip_on_launch":false,"outpost_arn":null,"tags":{"Name":"todo-app-private-sub4-cloudcamp-final-project"},"tags_all":{"Name":"todo-app-private-sub4-cloudcamp-final-project"},"timeouts":null},"after_unknown":{"arn":true,"availability_zone_id":true,"id":true,"ipv6_cidr_block_association_id":true,"owner_id":true,"private_dns_hostname_type_on_launch":true,"tags":{},"tags_all":{},"vpc_id":true},"before_sensitive":false,"after_sensitive":{"tags":{},"tags_all":{}}}},{"address":"module.VPC.aws_subnet.pub_sub1","module_address":"module.VPC","mode":"managed","type":"aws_subnet","name":"pub_sub1","provider_name":"registry.terraform.io/hashicorp/aws","change":{"actions":["create"],"before":null,"after":{"assign_ipv6_address_on_creation":false,"availability_zone":"us-east-1a","cidr_block":"10.0.1.0/24","customer_owned_ipv4_pool":null,"enable_dns64":false,"enable_lni_at_device_index":null,"enable_resource_name_dns_a_record_on_launch":false,"enable_resource_name_dns_aaaa_record_on_launch":false,"ipv6_cidr_block":null,"ipv6_native":false,"map_customer_owned_ip_on_launch":null,"map_public_ip_on_launch":true,"outpost_arn":null,"tags":{"Name":"todo-app-pub-sub1-cloudcamp-final-project"},"tags_all":{"Name":"todo-app-pub-sub1-cloudcamp-final-project"},"timeouts":null},"after_unknown":{"arn":true,"availability_zone_id":true,"id":true,"ipv6_cidr_block_association_id":true,"owner_id":true,"private_dns_hostname_type_on_launch":true,"tags":{},"tags_all":{},"vpc_id":true},"before_sensitive":false,"after_sensitive":{"tags":{},"tags_all":{}}}},{"address":"module.VPC.aws_subnet.pub_sub2","module_address":"module.VPC","mode":"managed","type":"aws_subnet","name":"pub_sub2","provider_name":"registry.terraform.io/hashicorp/aws","change":{"actions":["create"],"before":null,"after":{"assign_ipv6_address_on_creation":false,"availability_zone":"us-east-1b","cidr_block":"10.0.2.0/24","customer_owned_ipv4_pool":null,"enable_dns64":false,"enable_lni_at_device_index":null,"enable_resource_name_dns_a_record_on_launch":false,"enable_resource_name_dns_aaaa_record_on_launch":false,"ipv6_cidr_block":null,"ipv6_native":false,"map_customer_owned_ip_on_launch":null,"map_public_ip_on_launch":true,"outpost_arn":null,"tags":{"Name":"todo-app-pub-sub2-cloudcamp-final-project"},"tags_all":{"Name":"todo-app-pub-sub2-cloudcamp-final-project"},"timeouts":null},"after_unknown":{"arn":true,"availability_zone_id":true,"id":true,"ipv6_cidr_block_association_id":true,"owner_id":true,"private_dns_hostname_type_on_launch":true,"tags":{},"tags_all":{},"vpc_id":true},"before_sensitive":false,"after_sensitive":{"tags":{},"tags_all":{}}}},{"address":"module.VPC.aws_vpc.cloudcamp_final_project_vpc","module_address":"module.VPC","mode":"managed","type":"aws_vpc","name":"cloudcamp_final_project_vpc","provider_name":"registry.terraform.io/hashicorp/aws","change":{"actions":["create"],"before":null,"after":{"assign_generated_ipv6_cidr_block":true,"cidr_block":"10.0.0.0/16","enable_dns_hostnames":true,"enable_dns_support":true,"instance_tenancy":"default","ipv4_ipam_pool_id":null,"ipv4_netmask_length":null,"ipv6_ipam_pool_id":null,"ipv6_netmask_length":null,"tags":{"Name":"todo-app-vpc-cloudcamp-final-project"},"tags_all":{"Name":"todo-app-vpc-cloudcamp-final-project"}},"after_unknown":{"arn":true,"default_network_acl_id":true,"default_route_table_id":true,"default_security_group_id":true,"dhcp_options_id":true,"enable_network_address_usage_metrics":true,"id":true,"ipv6_association_id":true,"ipv6_cidr_block":true,"ipv6_cidr_block_network_border_group":true,"main_route_table_id":true,"owner_id":true,"tags":{},"tags_all":{}},"before_sensitive":false,"after_sensitive":{"tags":{},"tags_all":{}}}}],"output_changes":{"hello":{"actions":["create"],"before":null,"after":"Hello, World!","after_unknown":false,"before_sensitive":false,"after_sensitive":false}},"prior_state":{"format_version":"1.0","terraform_version":"1.5.7","values":{"outputs":{"hello":{"sensitive":false,"value":"Hello, World!","type":"string"}},"root_module":{"child_modules":[{"resources":[{"address":"module.VPC.data.aws_availability_zones.aws_azs","mode":"data","type":"aws_availability_zones","name":"aws_azs","provider_name":"registry.terraform.io/hashicorp/aws","schema_version":0,"values":{"all_availability_zones":null,"exclude_names":null,"exclude_zone_ids":null,"filter":null,"group_names":["us-east-1"],"id":"us-east-1","names":["us-east-1a","us-east-1b","us-east-1c","us-east-1d","us-east-1e","us-east-1f"],"state":null,"timeouts":null,"zone_ids":["use1-az6","use1-az1","use1-az2","use1-az4","use1-az3","use1-az5"]},"sensitive_values":{"group_names":[false],"names":[false,false,false,false,false,false],"zone_ids":[false,false,false,false,false,false]}}],"address":"module.VPC"}]}}},"configuration":{"provider_config":{"aws":{"name":"aws","full_name":"registry.terraform.io/hashicorp/aws","version_constraint":"5.33.0","expressions":{"region":{"references":["var.region"]}}}},"root_module":{"outputs":{"hello":{"expression":{"constant_value":"Hello, World!"}}},"module_calls":{"EC2_INSTANCES_APP_SERVER":{"source":"./modules/ec2","expressions":{"availability_zone":{"constant_value":"us-east-1"},"bastion_ami_id":{"references":["module.IAM_SG.bastion_security_group_id","module.IAM_SG"]},"bastion_instance_type":{"constant_value":"t2.micro"},"bastion_key_name":{"constant_value":"bastion-key"},"bastion_sg_id":{"references":["module.IAM_SG.bastion_security_group_id","module.IAM_SG"]},"ec2_sg_id":{"references":["module.IAM_SG.ec2_security_group_id","module.IAM_SG"]},"efs_id":{"references":["module.EFS.efs_id","module.EFS"]},"instance_type":{"constant_value":"t2.micro"},"public_subnet_id":{"references":["module.VPC.PUB_SUB1_ID","module.VPC"]},"subnet_id_1":{"references":["module.VPC.PRI_SUB3_ID","module.VPC"]},"subnet_id_2":{"references":["module.VPC.PRI_SUB4_ID","module.VPC"]}},"module":{"outputs":{"AWS_APP_SERVER_1_ID":{"expression":{"references":["aws_instance.aws_app_server_1.id","aws_instance.aws_app_server_1"]}},"AWS_APP_SERVER_2_ID":{"expression":{"references":["aws_instance.aws_app_server_2.id","aws_instance.aws_app_server_2"]}}},"resources":[{"address":"aws_instance.aws_app_server_1","mode":"managed","type":"aws_instance","name":"aws_app_server_1","provider_config_key":"aws","expressions":{"ami":{"constant_value":"ami-0bb84b8ffd87024d8"},"availability_zone":{"references":["var.availability_zone"]},"instance_type":{"references":["var.instance_type"]},"security_groups":{"references":["var.ec2_sg_id"]},"subnet_id":{"references":["var.subnet_id_1"]},"tags":{"constant_value":{"Name":"cloudcamp-final-project-ec2-instance-1"}},"user_data":{"references":["var.efs_id"]}},"schema_version":1},{"address":"aws_instance.aws_app_server_2","mode":"managed","type":"aws_instance","name":"aws_app_server_2","provider_config_key":"aws","expressions":{"ami":{"constant_value":"ami-0bb84b8ffd87024d8"},"availability_zone":{"references":["var.availability_zone"]},"instance_type":{"references":["var.instance_type"]},"security_groups":{"references":["var.ec2_sg_id"]},"subnet_id":{"references":["var.subnet_id_2"]},"tags":{"constant_value":{"Name":"cloudcamp-final-project-ec2-instance-2"}},"user_data":{"references":["var.efs_id"]}},"schema_version":1},{"address":"aws_instance.bastion","mode":"managed","type":"aws_instance","name":"bastion","provider_config_key":"aws","expressions":{"ami":{"constant_value":"ami-0bb84b8ffd87024d8"},"instance_type":{"references":["var.bastion_instance_type"]},"key_name":{"references":["var.bastion_key_name"]},"security_groups":{"references":["var.bastion_sg_id"]},"subnet_id":{"references":["var.public_subnet_id"]},"tags":{"constant_value":{"Name":"BastionHost"}}},"schema_version":1}],"variables":{"availability_zone":{"description":"The availability zone to launch the instance in"},"bastion_ami_id":{"description":"The AMI ID for the bastion host."},"bastion_instance_type":{"default":"t2.micro","description":"The instance type for the bastion host."},"bastion_key_name":{"description":"The name of the key pair to use for the bastion host."},"bastion_sg_id":{"description":"The security group ID for the bastion host."},"ec2_sg_id":{"description":"The security group ID for the EC2 instance."},"efs_id":{"description":"The ID of the EFS file system."},"instance_type":{"description":"The type of instance to launch"},"public_subnet_id":{"description":"The subnet ID for the bastion host."},"subnet_id_1":{"description":"The subnet ID for the EC2 instance."},"subnet_id_2":{"description":"The subnet ID for the EC2 instance."}}},"depends_on":["module.VPC","module.IAM_SG","module.EFS"]},"EFS":{"source":"./modules/efs","expressions":{"efs_security_group_id":{"references":["module.IAM_SG.efs_security_group_id","module.IAM_SG"]},"efs_sg_id":{"references":["module.IAM_SG.efs_security_group_id","module.IAM_SG"]},"private_subnet_ids":{"references":["module.VPC.PRI_SUB3_ID","module.VPC","module.VPC.PRI_SUB4_ID","module.VPC"]},"vpc_id":{"references":["module.VPC.VPC_ID","module.VPC"]}},"module":{"outputs":{"efs_id":{"expression":{"references":["aws_efs_file_system.efs.id","aws_efs_file_system.efs"]}}},"resources":[{"address":"aws_efs_file_system.efs","mode":"managed","type":"aws_efs_file_system","name":"efs","provider_config_key":"aws","expressions":{"creation_token":{"constant_value":"my-efs-cloudcamp-final-project"},"tags":{"constant_value":{"Name":"my-efs-cloudcamp-final-project"}}},"schema_version":0},{"address":"aws_efs_mount_target.efs_mount_target","mode":"managed","type":"aws_efs_mount_target","name":"efs_mount_target","provider_config_key":"aws","expressions":{"file_system_id":{"references":["aws_efs_file_system.efs.id","aws_efs_file_system.efs"]},"security_groups":{"references":["var.efs_sg_id"]},"subnet_id":{"references":["each.value"]}},"schema_version":0,"for_each_expression":{"references":["var.private_subnet_ids"]}}],"variables":{"efs_security_group_id":{"description":"The security group ID for the EFS."},"efs_sg_id":{"description":"The security group ID for the EFS."},"private_subnet_ids":{"description":"A list of private subnet IDs for the EFS mount targets."},"vpc_id":{"description":"The ID of the VPC."}}},"depends_on":["module.VPC","module.IAM_SG"]},"IAM_SG":{"source":"./modules/iamsg","expressions":{"vpc_id":{"references":["module.VPC.VPC_ID","module.VPC"]}},"module":{"outputs":{"bastion_security_group_id":{"expression":{"references":["aws_security_group.bastion_sg.id","aws_security_group.bastion_sg"]}},"ec2_security_group_id":{"expression":{"references":["aws_security_group.ec2_sg.id","aws_security_group.ec2_sg"]}},"efs_security_group_id":{"expression":{"references":["aws_security_group.efs_sg.id","aws_security_group.efs_sg"]}},"lb_sg_id":{"expression":{"references":["aws_security_group.lb_sg.id","aws_security_group.lb_sg"]}},"rds_security_group_id":{"expression":{"references":["aws_security_group.rds_sg.id","aws_security_group.rds_sg"]}}},"resources":[{"address":"aws_security_group.bastion_sg","mode":"managed","type":"aws_security_group","name":"bastion_sg","provider_config_key":"aws","expressions":{"egress":{"constant_value":[{"cidr_blocks":["0.0.0.0/0"],"description":null,"from_port":0,"ipv6_cidr_blocks":null,"prefix_list_ids":null,"protocol":"-1","security_groups":null,"self":null,"to_port":0}]},"ingress":{"constant_value":[{"cidr_blocks":["0.0.0.0/0"],"description":null,"from_port":22,"ipv6_cidr_blocks":null,"prefix_list_ids":null,"protocol":"tcp","security_groups":null,"self":null,"to_port":22}]},"tags":{"constant_value":{"Name":"bastion_sg"}},"vpc_id":{"references":["var.vpc_id"]}},"schema_version":1},{"address":"aws_security_group.ec2_sg","mode":"managed","type":"aws_security_group","name":"ec2_sg","provider_config_key":"aws","expressions":{"egress":{"constant_value":[{"cidr_blocks":["0.0.0.0/0"],"description":null,"from_port":0,"ipv6_cidr_blocks":null,"prefix_list_ids":null,"protocol":"-1","security_groups":null,"self":null,"to_port":0}]},"ingress":{"references":["aws_security_group.lb_sg.id","aws_security_group.lb_sg"]},"tags":{"constant_value":{"Name":"cloudcamp-final-project-ec2_instance_sg"}},"vpc_id":{"references":["var.vpc_id"]}},"schema_version":1},{"address":"aws_security_group.efs_sg","mode":"managed","type":"aws_security_group","name":"efs_sg","provider_config_key":"aws","expressions":{"egress":{"constant_value":[{"cidr_blocks":["0.0.0.0/0"],"description":null,"from_port":0,"ipv6_cidr_blocks":null,"prefix_list_ids":null,"protocol":"-1","security_groups":null,"self":null,"to_port":0}]},"ingress":{"constant_value":[{"cidr_blocks":["0.0.0.0/0"],"description":null,"from_port":2049,"ipv6_cidr_blocks":null,"prefix_list_ids":null,"protocol":"tcp","security_groups":null,"self":null,"to_port":2049}]},"tags":{"constant_value":{"Name":"efs_sg"}},"vpc_id":{"references":["var.vpc_id"]}},"schema_version":1},{"address":"aws_security_group.lb_sg","mode":"managed","type":"aws_security_group","name":"lb_sg","provider_config_key":"aws","expressions":{"egress":{"constant_value":[{"cidr_blocks":["0.0.0.0/0"],"description":null,"from_port":0,"ipv6_cidr_blocks":null,"prefix_list_ids":null,"protocol":"-1","security_groups":null,"self":null,"to_port":0}]},"ingress":{"constant_value":[{"cidr_blocks":["0.0.0.0/0"],"description":null,"from_port":80,"ipv6_cidr_blocks":null,"prefix_list_ids":null,"protocol":"tcp","security_groups":null,"self":null,"to_port":80}]},"tags":{"constant_value":{"Name":"cloudcamp-final-project-alb-sg"}},"vpc_id":{"references":["var.vpc_id"]}},"schema_version":1},{"address":"aws_security_group.rds_sg","mode":"managed","type":"aws_security_group","name":"rds_sg","provider_config_key":"aws","expressions":{"egress":{"constant_value":[{"cidr_blocks":["0.0.0.0/0"],"description":null,"from_port":0,"ipv6_cidr_blocks":null,"prefix_list_ids":null,"protocol":"-1","security_groups":null,"self":null,"to_port":0}]},"ingress":{"references":["aws_security_group.ec2_sg.id","aws_security_group.ec2_sg"]},"tags":{"constant_value":{"Name":"rds_sg"}},"vpc_id":{"references":["var.vpc_id"]}},"schema_version":1},{"address":"aws_security_group_rule.allow_bastion_ssh","mode":"managed","type":"aws_security_group_rule","name":"allow_bastion_ssh","provider_config_key":"aws","expressions":{"from_port":{"constant_value":22},"protocol":{"constant_value":"tcp"},"security_group_id":{"references":["aws_security_group.ec2_sg.id","aws_security_group.ec2_sg"]},"source_security_group_id":{"references":["aws_security_group.bastion_sg.id","aws_security_group.bastion_sg"]},"to_port":{"constant_value":22},"type":{"constant_value":"ingress"}},"schema_version":2}],"variables":{"vpc_id":{"description":"the id of the vpc"}}},"depends_on":["module.VPC"]},"LOAD_BALANCER_AND_TARGETS_AND_LISTENER":{"source":"./modules/lb","expressions":{"app_server_1_id":{"references":["module.EC2_INSTANCES_APP_SERVER.AWS_APP_SERVER_1_ID","module.EC2_INSTANCES_APP_SERVER"]},"app_server_2_id":{"references":["module.EC2_INSTANCES_APP_SERVER.AWS_APP_SERVER_2_ID","module.EC2_INSTANCES_APP_SERVER"]},"lb_sg_id":{"references":["module.IAM_SG.lb_sg_id","module.IAM_SG"]},"pub_sub1_id":{"references":["module.VPC.PUB_SUB1_ID","module.VPC"]},"pub_sub2_id":{"references":["module.VPC.PUB_SUB2_ID","module.VPC"]},"vpc_id":{"references":["module.VPC.VPC_ID","module.VPC"]}},"module":{"resources":[{"address":"aws_alb.alb","mode":"managed","type":"aws_alb","name":"alb","provider_config_key":"aws","expressions":{"internal":{"constant_value":false},"load_balancer_type":{"constant_value":"application"},"name":{"constant_value":"cloudcamp-final-project-alb"},"security_groups":{"references":["var.lb_sg_id"]},"subnets":{"references":["var.pub_sub1_id","var.pub_sub2_id"]},"tags":{"constant_value":{"Name":"cloudcamp-final-project-alb"}}},"schema_version":0},{"address":"aws_lb_listener.listener","mode":"managed","type":"aws_lb_listener","name":"listener","provider_config_key":"aws","expressions":{"default_action":[{"target_group_arn":{"references":["aws_lb_target_group.tg.arn","aws_lb_target_group.tg"]},"type":{"constant_value":"forward"}}],"load_balancer_arn":{"references":["aws_alb.alb.arn","aws_alb.alb"]},"port":{"constant_value":"80"},"protocol":{"constant_value":"HTTP"}},"schema_version":0},{"address":"aws_lb_target_group.tg","mode":"managed","type":"aws_lb_target_group","name":"tg","provider_config_key":"aws","expressions":{"health_check":[{"healthy_threshold":{"constant_value":2},"interval":{"constant_value":30},"matcher":{"constant_value":"200"},"path":{"constant_value":"/"},"timeout":{"constant_value":5},"unhealthy_threshold":{"constant_value":2}}],"name":{"constant_value":"ec2-targets"},"port":{"constant_value":5000},"protocol":{"constant_value":"HTTP"},"tags":{"constant_value":{"Name":"cloducamp-final-project-ec2-target-group"}},"vpc_id":{"references":["var.vpc_id"]}},"schema_version":0},{"address":"aws_lb_target_group_attachment.tg_attachment_1","mode":"managed","type":"aws_lb_target_group_attachment","name":"tg_attachment_1","provider_config_key":"aws","expressions":{"port":{"constant_value":5000},"target_group_arn":{"references":["aws_lb_target_group.tg.arn","aws_lb_target_group.tg"]},"target_id":{"references":["var.app_server_1_id"]}},"schema_version":0},{"address":"aws_lb_target_group_attachment.tg_attachment_2","mode":"managed","type":"aws_lb_target_group_attachment","name":"tg_attachment_2","provider_config_key":"aws","expressions":{"port":{"constant_value":5000},"target_group_arn":{"references":["aws_lb_target_group.tg.arn","aws_lb_target_group.tg"]},"target_id":{"references":["var.app_server_2_id"]}},"schema_version":0}],"variables":{"app_server_1_id":{"description":"the id of the app server 1"},"app_server_2_id":{"description":"the id of the app server 2"},"lb_sg_id":{"description":"the security group id for the load balancer"},"pub_sub1_id":{"description":"the id of the public subnet 1"},"pub_sub2_id":{"description":"the id of the public subnet 2"},"vpc_id":{"description":"the id of the vpc"}}},"depends_on":["module.VPC","module.IAM_SG","module.EC2_INSTANCES_APP_SERVER"]},"NAT_GTW":{"source":"./modules/nat","expressions":{"igw_id":{"references":["module.VPC.IGW_ID","module.VPC"]},"pri_sub3_id":{"references":["module.VPC.PRI_SUB3_ID","module.VPC"]},"pri_sub4_id":{"references":["module.VPC.PRI_SUB4_ID","module.VPC"]},"pub_sub1_id":{"references":["module.VPC.PUB_SUB1_ID","module.VPC"]},"pub_sub2_id":{"references":["module.VPC.PUB_SUB2_ID","module.VPC"]},"vpc_id":{"references":["module.VPC.IGW_ID","module.VPC"]}},"module":{"outputs":{"aws_eip_EIP_NAT_GW1":{"expression":{"references":["aws_eip.EIP-NAT-GW1.allocation_id","aws_eip.EIP-NAT-GW1"]}},"aws_eip_EIP_NAT_GW2":{"expression":{"references":["aws_eip.EI-NAT-GW2.allocation_id","aws_eip.EI-NAT-GW2"]}},"nat_gtw1_id":{"expression":{"references":["aws_nat_gateway.nat_gtw1.id","aws_nat_gateway.nat_gtw1"]}},"nat_gtw2_id":{"expression":{"references":["aws_nat_gateway.nat_gtw2.id","aws_nat_gateway.nat_gtw2"]}}},"resources":[{"address":"aws_eip.EI-NAT-GW2","mode":"managed","type":"aws_eip","name":"EI-NAT-GW2","provider_config_key":"aws","expressions":{"domain":{"constant_value":"vpc"},"tags":{"constant_value":{"Name":"NAT-GW-EIP2"}}},"schema_version":0},{"address":"aws_eip.EIP-NAT-GW1","mode":"managed","type":"aws_eip","name":"EIP-NAT-GW1","provider_config_key":"aws","expressions":{"domain":{"constant_value":"vpc"},"tags":{"constant_value":{"Name":"NAT-GW-EIP1"}}},"schema_version":0},{"address":"aws_nat_gateway.nat_gtw1","mode":"managed","type":"aws_nat_gateway","name":"nat_gtw1","provider_config_key":"aws","expressions":{"allocation_id":{"references":["aws_eip.EIP-NAT-GW1.id","aws_eip.EIP-NAT-GW1"]},"subnet_id":{"references":["var.pub_sub1_id"]},"tags":{"constant_value":{"Name":"nat_gtw1"}}},"schema_version":0,"depends_on":["var.igw_id"]},{"address":"aws_nat_gateway.nat_gtw2","mode":"managed","type":"aws_nat_gateway","name":"nat_gtw2","provider_config_key":"aws","expressions":{"allocation_id":{"references":["aws_eip.EI-NAT-GW2.id","aws_eip.EI-NAT-GW2"]},"subnet_id":{"references":["var.pub_sub2_id"]},"tags":{"constant_value":{"Name":"nat_gtw2"}}},"schema_version":0,"depends_on":["var.igw_id"]},{"address":"aws_route_table.pri-rt-a","mode":"managed","type":"aws_route_table","name":"pri-rt-a","provider_config_key":"aws","expressions":{"route":{"references":["aws_nat_gateway.nat_gtw1.id","aws_nat_gateway.nat_gtw1"]},"tags":{"constant_value":{"Name":"pri-rt-a"}},"vpc_id":{"references":["var.vpc_id"]}},"schema_version":0},{"address":"aws_route_table.pri-rt-b","mode":"managed","type":"aws_route_table","name":"pri-rt-b","provider_config_key":"aws","expressions":{"route":{"references":["aws_nat_gateway.nat_gtw2.id","aws_nat_gateway.nat_gtw2"]},"tags":{"constant_value":{"Name":"pri-rt-b"}},"vpc_id":{"references":["var.vpc_id"]}},"schema_version":0},{"address":"aws_route_table_association.pri-sub3-with-rt-a","mode":"managed","type":"aws_route_table_association","name":"pri-sub3-with-rt-a","provider_config_key":"aws","expressions":{"route_table_id":{"references":["aws_route_table.pri-rt-a.id","aws_route_table.pri-rt-a"]},"subnet_id":{"references":["var.pri_sub3_id"]}},"schema_version":0},{"address":"aws_route_table_association.pri-sub4-with-rt-a","mode":"managed","type":"aws_route_table_association","name":"pri-sub4-with-rt-a","provider_config_key":"aws","expressions":{"route_table_id":{"references":["aws_route_table.pri-rt-b.id","aws_route_table.pri-rt-b"]},"subnet_id":{"references":["var.pri_sub4_id"]}},"schema_version":0}],"variables":{"igw_id":{"description":"the id of the internet gateway"},"pri_sub3_id":{"description":"the id of the private subnet 3"},"pri_sub4_id":{"description":"the id of the private subnet 4"},"pub_sub1_id":{"description":"the id of the public subnet 1"},"pub_sub2_id":{"description":"the id of the public subnet 2"},"vpc_id":{"description":"the id of the vpc"}}},"depends_on":["module.VPC"]},"RDS_MYSQL_DB":{"source":"./modules/rds","expressions":{"db_name":{"constant_value":"db-database"},"db_password":{"constant_value":"db-password"},"db_port":{"constant_value":"3306"},"db_user":{"constant_value":"db-user"},"ec2_sg_id":{"references":["module.IAM_SG.ec2_security_group_id","module.IAM_SG"]},"rds_sg_id":{"references":["module.IAM_SG.rds_security_group_id","module.IAM_SG"]},"subnet_ids":{"references":["module.VPC.PRI_SUB3_ID","module.VPC","module.VPC.PRI_SUB4_ID","module.VPC"]},"vpc_id":{"references":["module.VPC.VPC_ID","module.VPC"]}},"module":{"resources":[{"address":"aws_db_instance.default","mode":"managed","type":"aws_db_instance","name":"default","provider_config_key":"aws","expressions":{"allocated_storage":{"references":["var.db_allocated_storage"]},"db_name":{"references":["var.db_name"]},"db_subnet_group_name":{"references":["aws_db_subnet_group.default.name","aws_db_subnet_group.default"]},"engine":{"constant_value":"mysql"},"engine_version":{"constant_value":"8.0"},"identifier":{"constant_value":"mydbinstance"},"instance_class":{"references":["var.db_instance_class"]},"parameter_group_name":{"constant_value":"default.mysql8.0"},"password":{"references":["var.db_password"]},"publicly_accessible":{"constant_value":false},"tags":{"constant_value":{"Name":"mydbinstance"}},"username":{"references":["var.db_user"]},"vpc_security_group_ids":{"references":["var.rds_sg_id"]}},"schema_version":2},{"address":"aws_db_subnet_group.default","mode":"managed","type":"aws_db_subnet_group","name":"default","provider_config_key":"aws","expressions":{"name":{"constant_value":"my-db-subnet-group"},"subnet_ids":{"references":["var.subnet_ids"]},"tags":{"constant_value":{"Name":"my-db-subnet-group"}}},"schema_version":0}],"variables":{"db_allocated_storage":{"default":20,"description":"The allocated storage for the RDS instance."},"db_instance_class":{"default":"db.t3.micro","description":"The instance class of the RDS instance."},"db_name":{"description":"The name of the initial database created when the RDS instance is created."},"db_password":{"description":"The password for the RDS instance."},"db_port":{"default":"3306","description":"The port for the RDS instance."},"db_user":{"description":"The username for the RDS instance."},"ec2_sg_id":{"description":"The security group ID for the EC2 instances."},"rds_sg_id":{"description":"The security group for the RDS instance."},"subnet_ids":{"description":"A list of subnet IDs for the RDS instance."},"vpc_id":{"description":"The ID of the VPC."}}},"depends_on":["module.VPC","module.IAM_SG"]},"VPC":{"source":"./modules/vpc","expressions":{"pri_sub3_cidr":{"references":["var.pri_sub3_cidr"]},"pri_sub4_cidr":{"references":["var.pri_sub4_cidr"]},"project_name":{"references":["var.project_name"]},"pub_sub1_cidr":{"references":["var.pub_sub1_cidr"]},"pub_sub2_cidr":{"references":["var.pub_sub2_cidr"]},"region":{"references":["var.region"]},"vpc_cidr":{"references":["var.vpc_cidr"]}},"module":{"outputs":{"IGW_ID":{"expression":{"references":["aws_internet_gateway.igw-cloudcamp-final-project.id","aws_internet_gateway.igw-cloudcamp-final-project"]}},"PRI_SUB3_ID":{"expression":{"references":["aws_subnet.private_sub3.id","aws_subnet.private_sub3"]}},"PRI_SUB4_ID":{"expression":{"references":["aws_subnet.private_sub4.id","aws_subnet.private_sub4"]}},"PUB_SUB1_ID":{"expression":{"references":["aws_subnet.pub_sub1.id","aws_subnet.pub_sub1"]}},"PUB_SUB2_ID":{"expression":{"references":["aws_subnet.pub_sub2.id","aws_subnet.pub_sub2"]}},"Region":{"expression":{"references":["var.region"]}},"VPC_CIDR":{"expression":{"references":["aws_vpc.cloudcamp_final_project_vpc.cidr_block","aws_vpc.cloudcamp_final_project_vpc"]}},"VPC_ID":{"expression":{"references":["aws_vpc.cloudcamp_final_project_vpc.id","aws_vpc.cloudcamp_final_project_vpc"]}}},"resources":[{"address":"aws_internet_gateway.igw-cloudcamp-final-project","mode":"managed","type":"aws_internet_gateway","name":"igw-cloudcamp-final-project","provider_config_key":"aws","expressions":{"tags":{"references":["var.project_name"]},"vpc_id":{"references":["aws_vpc.cloudcamp_final_project_vpc.id","aws_vpc.cloudcamp_final_project_vpc"]}},"schema_version":0},{"address":"aws_route_table.public_route_table","mode":"managed","type":"aws_route_table","name":"public_route_table","provider_config_key":"aws","expressions":{"route":{"references":["aws_internet_gateway.igw-cloudcamp-final-project.id","aws_internet_gateway.igw-cloudcamp-final-project"]},"tags":{"references":["var.project_name"]},"vpc_id":{"references":["aws_vpc.cloudcamp_final_project_vpc.id","aws_vpc.cloudcamp_final_project_vpc"]}},"schema_version":0},{"address":"aws_route_table_association.pub_rt_a","mode":"managed","type":"aws_route_table_association","name":"pub_rt_a","provider_config_key":"aws","expressions":{"route_table_id":{"references":["aws_route_table.public_route_table.id","aws_route_table.public_route_table"]},"subnet_id":{"references":["aws_subnet.pub_sub1.id","aws_subnet.pub_sub1"]}},"schema_version":0},{"address":"aws_route_table_association.pub_rt_b","mode":"managed","type":"aws_route_table_association","name":"pub_rt_b","provider_config_key":"aws","expressions":{"route_table_id":{"references":["aws_route_table.public_route_table.id","aws_route_table.public_route_table"]},"subnet_id":{"references":["aws_subnet.pub_sub2.id","aws_subnet.pub_sub2"]}},"schema_version":0},{"address":"aws_subnet.private_sub3","mode":"managed","type":"aws_subnet","name":"private_sub3","provider_config_key":"aws","expressions":{"availability_zone":{"references":["data.aws_availability_zones.aws_azs.names[0]","data.aws_availability_zones.aws_azs.names","data.aws_availability_zones.aws_azs"]},"cidr_block":{"references":["var.pri_sub3_cidr"]},"tags":{"references":["var.project_name"]},"vpc_id":{"references":["aws_vpc.cloudcamp_final_project_vpc.id","aws_vpc.cloudcamp_final_project_vpc"]}},"schema_version":1},{"address":"aws_subnet.private_sub4","mode":"managed","type":"aws_subnet","name":"private_sub4","provider_config_key":"aws","expressions":{"availability_zone":{"references":["data.aws_availability_zones.aws_azs.names[1]","data.aws_availability_zones.aws_azs.names","data.aws_availability_zones.aws_azs"]},"cidr_block":{"references":["var.pri_sub4_cidr"]},"tags":{"references":["var.project_name"]},"vpc_id":{"references":["aws_vpc.cloudcamp_final_project_vpc.id","aws_vpc.cloudcamp_final_project_vpc"]}},"schema_version":1},{"address":"aws_subnet.pub_sub1","mode":"managed","type":"aws_subnet","name":"pub_sub1","provider_config_key":"aws","expressions":{"availability_zone":{"references":["data.aws_availability_zones.aws_azs.names[0]","data.aws_availability_zones.aws_azs.names","data.aws_availability_zones.aws_azs"]},"cidr_block":{"references":["var.pub_sub1_cidr"]},"map_public_ip_on_launch":{"constant_value":true},"tags":{"references":["var.project_name"]},"vpc_id":{"references":["aws_vpc.cloudcamp_final_project_vpc.id","aws_vpc.cloudcamp_final_project_vpc"]}},"schema_version":1},{"address":"aws_subnet.pub_sub2","mode":"managed","type":"aws_subnet","name":"pub_sub2","provider_config_key":"aws","expressions":{"availability_zone":{"references":["data.aws_availability_zones.aws_azs.names[1]","data.aws_availability_zones.aws_azs.names","data.aws_availability_zones.aws_azs"]},"cidr_block":{"references":["var.pub_sub2_cidr"]},"map_public_ip_on_launch":{"constant_value":true},"tags":{"references":["var.project_name"]},"vpc_id":{"references":["aws_vpc.cloudcamp_final_project_vpc.id","aws_vpc.cloudcamp_final_project_vpc"]}},"schema_version":1},{"address":"aws_vpc.cloudcamp_final_project_vpc","mode":"managed","type":"aws_vpc","name":"cloudcamp_final_project_vpc","provider_config_key":"aws","expressions":{"assign_generated_ipv6_cidr_block":{"constant_value":true},"cidr_block":{"references":["var.vpc_cidr"]},"enable_dns_hostnames":{"constant_value":true},"enable_dns_support":{"constant_value":true},"instance_tenancy":{"constant_value":"default"},"tags":{"references":["var.project_name"]}},"schema_version":1},{"address":"data.aws_availability_zones.aws_azs","mode":"data","type":"aws_availability_zones","name":"aws_azs","provider_config_key":"aws","schema_version":0}],"variables":{"pri_sub3_cidr":{"description":"value for the private subnet 3 cidr"},"pri_sub4_cidr":{"description":"value for the private subnet 4 cidr"},"project_name":{"description":"the name of the project to deploy"},"pub_sub1_cidr":{"description":"value for the public subnet 1 cidr"},"pub_sub2_cidr":{"description":"value for the public subnet 2 cidr"},"region":{"description":"the aws region to deploy the resources"},"vpc_cidr":{"description":"value for the vpc cidr"}}}}},"variables":{"dynamodb_table_name":{"description":"dynamodb table name"},"instance_az":{"description":"availability zone 1"},"instance_name":{"description":"the name of the instance"},"instance_type":{"description":"the instance type to deploy"},"pri_sub3_cidr":{"description":"value for the private subnet 3 cidr"},"pri_sub4_cidr":{"description":"value for the private subnet 4 cidr"},"project_name":{"description":"the name of the project to deploy"},"pub_sub1_cidr":{"description":"value for the public subnet 1 cidr"},"pub_sub2_cidr":{"description":"value for the public subnet 2 cidr"},"region":{"description":"the aws region to deploy the resources"},"tfstate_bucket_key":{"description":"key name where we store tfstate"},"tfstate_bucket_name":{"description":"bucket name where we store tfstate"},"vpc_cidr":{"description":"value for the vpc cidr"}}}},"relevant_attributes":[{"resource":"module.VPC.aws_route_table.public_route_table","attribute":["id"]},{"resource":"module.NAT_GTW.aws_eip.EIP-NAT-GW1","attribute":["id"]},{"resource":"module.EFS.aws_efs_file_system.efs","attribute":["id"]},{"resource":"module.IAM_SG.aws_security_group.efs_sg","attribute":["id"]},{"resource":"module.VPC.aws_subnet.pub_sub2","attribute":["id"]},{"resource":"module.NAT_GTW.aws_route_table.pri-rt-a","attribute":["id"]},{"resource":"module.RDS_MYSQL_DB.aws_db_subnet_group.default","attribute":["name"]},{"resource":"module.VPC.aws_subnet.pub_sub1","attribute":["id"]},{"resource":"module.VPC.aws_subnet.private_sub3","attribute":["id"]},{"resource":"module.EC2_INSTANCES_APP_SERVER.aws_instance.aws_app_server_1","attribute":["id"]},{"resource":"module.IAM_SG.aws_security_group.lb_sg","attribute":["id"]},{"resource":"module.VPC.aws_vpc.cloudcamp_final_project_vpc","attribute":["cidr_block"]},{"resource":"module.NAT_GTW.aws_eip.EI-NAT-GW2","attribute":["allocation_id"]},{"resource":"module.EC2_INSTANCES_APP_SERVER.aws_instance.aws_app_server_2","attribute":["id"]},{"resource":"module.VPC.data.aws_availability_zones.aws_azs","attribute":["names",0]},{"resource":"module.NAT_GTW.aws_nat_gateway.nat_gtw2","attribute":["id"]},{"resource":"module.IAM_SG.aws_security_group.bastion_sg","attribute":["id"]},{"resource":"module.IAM_SG.aws_security_group.ec2_sg","attribute":["id"]},{"resource":"module.VPC.aws_vpc.cloudcamp_final_project_vpc","attribute":["id"]},{"resource":"module.VPC.aws_internet_gateway.igw-cloudcamp-final-project","attribute":["id"]},{"resource":"module.VPC.data.aws_availability_zones.aws_azs","attribute":["names",1]},{"resource":"module.NAT_GTW.aws_route_table.pri-rt-b","attribute":["id"]},{"resource":"module.LOAD_BALANCER_AND_TARGETS_AND_LISTENER.aws_lb_target_group.tg","attribute":["arn"]},{"resource":"module.LOAD_BALANCER_AND_TARGETS_AND_LISTENER.aws_alb.alb","attribute":["arn"]},{"resource":"module.IAM_SG.aws_security_group.rds_sg","attribute":["id"]},{"resource":"module.NAT_GTW.aws_eip.EI-NAT-GW2","attribute":["id"]},{"resource":"module.NAT_GTW.aws_eip.EIP-NAT-GW1","attribute":["allocation_id"]},{"resource":"module.NAT_GTW.aws_nat_gateway.nat_gtw1","attribute":["id"]},{"resource":"module.VPC.aws_subnet.private_sub4","attribute":["id"]}],"timestamp":"2024-06-10T15:46:52Z"}
